
Microsoft Visual Studio Solution File, Format Version 12.00
# Visual Studio 14
VisualStudioVersion = 14.0.25420.1
MinimumVisualStudioVersion = 10.0.40219.1
Project("{8BC9CEB8-8B4A-11D0-8D11-00A0C91BC942}") = "mxp", "mxp.vcxproj", "{FEF51024-9388-488D-A6B3-769DFB6A32EB}"
	ProjectSection(ProjectDependencies) = postProject
		{FE437701-63F4-4B0A-B7D3-6B7A2F03C3D5} = {FE437701-63F4-4B0A-B7D3-6B7A2F03C3D5}
	EndProjectSection
EndProject
Project("{8BC9CEB8-8B4A-11D0-8D11-00A0C91BC942}") = "mxpcli", "..\tests\mxpcli.vcxproj", "{EF250FA5-CB9C-49CB-A80A-1EFC2C9F5DD3}"
	ProjectSection(ProjectDependencies) = postProject
		{FEF51024-9388-488D-A6B3-769DFB6A32EB} = {FEF51024-9388-488D-A6B3-769DFB6A32EB}
	EndProjectSection
EndProject
Project("{8BC9CEB8-8B4A-11D0-8D11-00A0C91BC942}") = "sqlite3", "..\..\..\external\sqlite3\projects\vs14\sqlite3.vcxproj", "{FE437701-63F4-4B0A-B7D3-6B7A2F03C3D5}"
EndProject
Project("{8BC9CEB8-8B4A-11D0-8D11-00A0C91BC942}") = "avcodec", "..\..\..\external\ffmpeg\projects\vs14\avcodec.vcxproj", "{9F051EBC-8D94-44B1-B9F5-1F00645DC589}"
EndProject
Project("{8BC9CEB8-8B4A-11D0-8D11-00A0C91BC942}") = "avdevice", "..\..\..\external\ffmpeg\projects\vs14\avdevice.vcxproj", "{8376ACF1-A823-4E1F-B64C-F6589EBDFC18}"
	ProjectSection(ProjectDependencies) = postProject
		{A8CEAD56-20F1-4AD9-901E-C1D58DDF5D4E} = {A8CEAD56-20F1-4AD9-901E-C1D58DDF5D4E}
	EndProjectSection
EndProject
Project("{8BC9CEB8-8B4A-11D0-8D11-00A0C91BC942}") = "avformat", "..\..\..\external\ffmpeg\projects\vs14\avformat.vcxproj", "{BC6052AA-8E29-4580-AE34-C0BF2012DF05}"
EndProject
Project("{8BC9CEB8-8B4A-11D0-8D11-00A0C91BC942}") = "swscale", "..\..\..\external\ffmpeg\projects\vs14\swscale.vcxproj", "{2EB72C9F-BBF8-4740-ADDF-E6291EA6F54F}"
EndProject
Project("{8BC9CEB8-8B4A-11D0-8D11-00A0C91BC942}") = "swresample", "..\..\..\external\ffmpeg\projects\vs14\swresample.vcxproj", "{F7F1769C-8238-48E8-BFFD-487D6821FF1C}"
EndProject
Project("{8BC9CEB8-8B4A-11D0-8D11-00A0C91BC942}") = "avutil", "..\..\..\external\ffmpeg\projects\vs14\avutil.vcxproj", "{6C7BA199-980B-4178-B0A8-1FBE3AAE64E3}"
EndProject
Project("{8BC9CEB8-8B4A-11D0-8D11-00A0C91BC942}") = "avfilter", "..\..\..\external\ffmpeg\projects\vs14\avfilter.vcxproj", "{685D4438-4C48-4E8C-8ACE-A7D37E32DFC2}"
	ProjectSection(ProjectDependencies) = postProject
		{484A2649-EDC4-4F79-9CC3-EE323182CA97} = {484A2649-EDC4-4F79-9CC3-EE323182CA97}
	EndProjectSection
EndProject
Project("{8BC9CEB8-8B4A-11D0-8D11-00A0C91BC942}") = "postproc", "..\..\..\external\ffmpeg\projects\vs14\postproc.vcxproj", "{3BB72ED5-18C2-4406-9854-A4B1387DE59A}"
EndProject
Project("{8BC9CEB8-8B4A-11D0-8D11-00A0C91BC942}") = "zlib", "..\..\..\external\zlib\projects\vs14\zlib.vcxproj", "{1E931C82-5B09-4B29-A6F6-CD4BD8A992A8}"
EndProject
Project("{8BC9CEB8-8B4A-11D0-8D11-00A0C91BC942}") = "gsm", "..\..\..\external\gsm\projects\vs14\gsm.vcxproj", "{39626CF0-8867-4737-9559-9D5B005080E3}"
EndProject
Project("{8BC9CEB8-8B4A-11D0-8D11-00A0C91BC942}") = "vpx", "..\..\..\external\vpx\projects\vs14\vpx.vcxproj", "{8C6ECD26-DC99-4126-93B2-5A7B94AB3FEC}"
EndProject
Project("{8BC9CEB8-8B4A-11D0-8D11-00A0C91BC942}") = "mp3lame", "..\..\..\external\lame\projects\vc14\mp3lame.vcxproj", "{22B4FF05-1B94-4DE7-9592-8E3B7184BDA0}"
EndProject
Project("{8BC9CEB8-8B4A-11D0-8D11-00A0C91BC942}") = "lzma", "..\..\..\external\lzma\projects\vs14\lzma.vcxproj", "{FC88A9EA-A150-4375-9BA2-DCB14D4FE093}"
EndProject
Project("{8BC9CEB8-8B4A-11D0-8D11-00A0C91BC942}") = "openjpeg", "..\..\..\external\openjpeg\projects\vs14\openjpeg.vcxproj", "{B0587834-8B11-4AD4-93AA-FB554F50FAF1}"
EndProject
Project("{8BC9CEB8-8B4A-11D0-8D11-00A0C91BC942}") = "fribidi", "..\..\..\external\fribidi\projects\vs14\fribidi.vcxproj", "{83D12E8E-E99F-4A26-A98B-2EB0296519DE}"
EndProject
Project("{8BC9CEB8-8B4A-11D0-8D11-00A0C91BC942}") = "fontconfig", "..\..\..\external\fontconfig\projects\vs14\fontconfig.vcxproj", "{92CDD15A-E89F-4724-AB56-54C097F1D6A1}"
EndProject
Project("{8BC9CEB8-8B4A-11D0-8D11-00A0C91BC942}") = "freetype", "..\..\..\external\freetype2\projects\vs14\freetype.vcxproj", "{127DF18C-5A31-4315-BA4F-544B807A2533}"
EndProject
Project("{8BC9CEB8-8B4A-11D0-8D11-00A0C91BC942}") = "bzip2", "..\..\..\external\bzip2\projects\vs14\bzip2.vcxproj", "{414CF106-FD2B-4835-A914-D7CFFC668A36}"
EndProject
Project("{8BC9CEB8-8B4A-11D0-8D11-00A0C91BC942}") = "png", "..\..\..\external\png\projects\vs14\png.vcxproj", "{C59F02A5-9E8E-4AB6-8CC2-A054E6E7007E}"
EndProject
Project("{8BC9CEB8-8B4A-11D0-8D11-00A0C91BC942}") = "iconv", "..\..\..\external\iconv\projects\vs14\iconv.vcxproj", "{84D8CC8E-1CDB-448C-9FFB-48EB32A5AD47}"
EndProject
Project("{8BC9CEB8-8B4A-11D0-8D11-00A0C91BC942}") = "xml2", "..\..\..\external\xml2\projects\vs14\xml2.vcxproj", "{D6A86A4A-6FD3-42CE-9B75-9F7320DBF4D2}"
EndProject
Project("{8BC9CEB8-8B4A-11D0-8D11-00A0C91BC942}") = "ass", "..\..\..\external\ass\projects\vs14\ass.vcxproj", "{484A2649-EDC4-4F79-9CC3-EE323182CA97}"
EndProject
Project("{8BC9CEB8-8B4A-11D0-8D11-00A0C91BC942}") = "harfbuzz", "..\..\..\external\harfbuzz\projects\vs14\harfbuzz.vcxproj", "{036746B7-5E92-4650-8CC2-C7257EDA174A}"
EndProject
Project("{2150E333-8FDC-42A3-9474-1A3956D46DE8}") = "externals", "externals", "{510C0B09-02F9-4382-9160-0E8BA3312486}"
EndProject
Project("{2150E333-8FDC-42A3-9474-1A3956D46DE8}") = "ffmpeg", "ffmpeg", "{71D0EC03-1248-4375-9655-F06C2D200ABC}"
EndProject
Project("{8BC9CEB8-8B4A-11D0-8D11-00A0C91BC942}") = "cdio", "..\..\..\external\cdio\projects\vs14\cdio.vcxproj", "{172E2941-8544-4053-B7CB-B29C170F167B}"
EndProject
Project("{8BC9CEB8-8B4A-11D0-8D11-00A0C91BC942}") = "cdio-paranoia", "..\..\..\external\cdio-paranoia\projects\vs14\cdio-paranoia.vcxproj", "{A8CEAD56-20F1-4AD9-901E-C1D58DDF5D4E}"
	ProjectSection(ProjectDependencies) = postProject
		{172E2941-8544-4053-B7CB-B29C170F167B} = {172E2941-8544-4053-B7CB-B29C170F167B}
	EndProjectSection
EndProject
Project("{8BC9CEB8-8B4A-11D0-8D11-00A0C91BC942}") = "jpeg", "..\..\..\external\jpeg\projects\vs14\jpeg.vcxproj", "{4F877E8E-BC1C-442D-BB59-E5C1C33B2C6F}"
EndProject
Global
	GlobalSection(SolutionConfigurationPlatforms) = preSolution
		Debug|Win32 = Debug|Win32
		Debug|x64 = Debug|x64
		DebugDLL|Win32 = DebugDLL|Win32
		DebugDLL|x64 = DebugDLL|x64
		Release|Win32 = Release|Win32
		Release|x64 = Release|x64
		ReleaseDLL|Win32 = ReleaseDLL|Win32
		ReleaseDLL|x64 = ReleaseDLL|x64
	EndGlobalSection
	GlobalSection(ProjectConfigurationPlatforms) = postSolution
		{FEF51024-9388-488D-A6B3-769DFB6A32EB}.Debug|Win32.ActiveCfg = Debug|Win32
		{FEF51024-9388-488D-A6B3-769DFB6A32EB}.Debug|Win32.Build.0 = Debug|Win32
		{FEF51024-9388-488D-A6B3-769DFB6A32EB}.Debug|x64.ActiveCfg = Debug|x64
		{FEF51024-9388-488D-A6B3-769DFB6A32EB}.Debug|x64.Build.0 = Debug|x64
		{FEF51024-9388-488D-A6B3-769DFB6A32EB}.DebugDLL|Win32.ActiveCfg = DebugDLL|Win32
		{FEF51024-9388-488D-A6B3-769DFB6A32EB}.DebugDLL|Win32.Build.0 = DebugDLL|Win32
		{FEF51024-9388-488D-A6B3-769DFB6A32EB}.DebugDLL|x64.ActiveCfg = ReleaseDLL|x64
		{FEF51024-9388-488D-A6B3-769DFB6A32EB}.DebugDLL|x64.Build.0 = ReleaseDLL|x64
		{FEF51024-9388-488D-A6B3-769DFB6A32EB}.Release|Win32.ActiveCfg = Release|Win32
		{FEF51024-9388-488D-A6B3-769DFB6A32EB}.Release|Win32.Build.0 = Release|Win32
		{FEF51024-9388-488D-A6B3-769DFB6A32EB}.Release|x64.ActiveCfg = Release|x64
		{FEF51024-9388-488D-A6B3-769DFB6A32EB}.Release|x64.Build.0 = Release|x64
		{FEF51024-9388-488D-A6B3-769DFB6A32EB}.ReleaseDLL|Win32.ActiveCfg = ReleaseDLL|Win32
		{FEF51024-9388-488D-A6B3-769DFB6A32EB}.ReleaseDLL|Win32.Build.0 = ReleaseDLL|Win32
		{FEF51024-9388-488D-A6B3-769DFB6A32EB}.ReleaseDLL|x64.ActiveCfg = ReleaseDLL|x64
		{FEF51024-9388-488D-A6B3-769DFB6A32EB}.ReleaseDLL|x64.Build.0 = ReleaseDLL|x64
		{EF250FA5-CB9C-49CB-A80A-1EFC2C9F5DD3}.Debug|Win32.ActiveCfg = Debug|Win32
		{EF250FA5-CB9C-49CB-A80A-1EFC2C9F5DD3}.Debug|Win32.Build.0 = Debug|Win32
		{EF250FA5-CB9C-49CB-A80A-1EFC2C9F5DD3}.Debug|x64.ActiveCfg = Debug|x64
		{EF250FA5-CB9C-49CB-A80A-1EFC2C9F5DD3}.Debug|x64.Build.0 = Debug|x64
		{EF250FA5-CB9C-49CB-A80A-1EFC2C9F5DD3}.DebugDLL|Win32.ActiveCfg = DebugDLL|Win32
		{EF250FA5-CB9C-49CB-A80A-1EFC2C9F5DD3}.DebugDLL|Win32.Build.0 = DebugDLL|Win32
		{EF250FA5-CB9C-49CB-A80A-1EFC2C9F5DD3}.DebugDLL|x64.ActiveCfg = ReleaseDLL|x64
		{EF250FA5-CB9C-49CB-A80A-1EFC2C9F5DD3}.DebugDLL|x64.Build.0 = ReleaseDLL|x64
		{EF250FA5-CB9C-49CB-A80A-1EFC2C9F5DD3}.Release|Win32.ActiveCfg = Release|Win32
		{EF250FA5-CB9C-49CB-A80A-1EFC2C9F5DD3}.Release|Win32.Build.0 = Release|Win32
		{EF250FA5-CB9C-49CB-A80A-1EFC2C9F5DD3}.Release|x64.ActiveCfg = Release|x64
		{EF250FA5-CB9C-49CB-A80A-1EFC2C9F5DD3}.Release|x64.Build.0 = Release|x64
		{EF250FA5-CB9C-49CB-A80A-1EFC2C9F5DD3}.ReleaseDLL|Win32.ActiveCfg = ReleaseDLL|Win32
		{EF250FA5-CB9C-49CB-A80A-1EFC2C9F5DD3}.ReleaseDLL|Win32.Build.0 = ReleaseDLL|Win32
		{EF250FA5-CB9C-49CB-A80A-1EFC2C9F5DD3}.ReleaseDLL|x64.ActiveCfg = ReleaseDLL|x64
		{EF250FA5-CB9C-49CB-A80A-1EFC2C9F5DD3}.ReleaseDLL|x64.Build.0 = ReleaseDLL|x64
		{FE437701-63F4-4B0A-B7D3-6B7A2F03C3D5}.Debug|Win32.ActiveCfg = Debug|Win32
		{FE437701-63F4-4B0A-B7D3-6B7A2F03C3D5}.Debug|Win32.Build.0 = Debug|Win32
		{FE437701-63F4-4B0A-B7D3-6B7A2F03C3D5}.Debug|x64.ActiveCfg = Debug|x64
		{FE437701-63F4-4B0A-B7D3-6B7A2F03C3D5}.Debug|x64.Build.0 = Debug|x64
		{FE437701-63F4-4B0A-B7D3-6B7A2F03C3D5}.DebugDLL|Win32.ActiveCfg = DebugDLL|Win32
		{FE437701-63F4-4B0A-B7D3-6B7A2F03C3D5}.DebugDLL|Win32.Build.0 = DebugDLL|Win32
		{FE437701-63F4-4B0A-B7D3-6B7A2F03C3D5}.DebugDLL|x64.ActiveCfg = DebugDLL|x64
		{FE437701-63F4-4B0A-B7D3-6B7A2F03C3D5}.DebugDLL|x64.Build.0 = DebugDLL|x64
		{FE437701-63F4-4B0A-B7D3-6B7A2F03C3D5}.Release|Win32.ActiveCfg = Release|Win32
		{FE437701-63F4-4B0A-B7D3-6B7A2F03C3D5}.Release|Win32.Build.0 = Release|Win32
		{FE437701-63F4-4B0A-B7D3-6B7A2F03C3D5}.Release|x64.ActiveCfg = Release|x64
		{FE437701-63F4-4B0A-B7D3-6B7A2F03C3D5}.Release|x64.Build.0 = Release|x64
		{FE437701-63F4-4B0A-B7D3-6B7A2F03C3D5}.ReleaseDLL|Win32.ActiveCfg = ReleaseDLL|Win32
		{FE437701-63F4-4B0A-B7D3-6B7A2F03C3D5}.ReleaseDLL|Win32.Build.0 = ReleaseDLL|Win32
		{FE437701-63F4-4B0A-B7D3-6B7A2F03C3D5}.ReleaseDLL|x64.ActiveCfg = ReleaseDLL|x64
		{FE437701-63F4-4B0A-B7D3-6B7A2F03C3D5}.ReleaseDLL|x64.Build.0 = ReleaseDLL|x64
		{9F051EBC-8D94-44B1-B9F5-1F00645DC589}.Debug|Win32.ActiveCfg = Debug|Win32
		{9F051EBC-8D94-44B1-B9F5-1F00645DC589}.Debug|Win32.Build.0 = Debug|Win32
		{9F051EBC-8D94-44B1-B9F5-1F00645DC589}.Debug|x64.ActiveCfg = Debug|x64
		{9F051EBC-8D94-44B1-B9F5-1F00645DC589}.Debug|x64.Build.0 = Debug|x64
		{9F051EBC-8D94-44B1-B9F5-1F00645DC589}.DebugDLL|Win32.ActiveCfg = DebugDLL|Win32
		{9F051EBC-8D94-44B1-B9F5-1F00645DC589}.DebugDLL|Win32.Build.0 = DebugDLL|Win32
		{9F051EBC-8D94-44B1-B9F5-1F00645DC589}.DebugDLL|x64.ActiveCfg = DebugDLL|x64
		{9F051EBC-8D94-44B1-B9F5-1F00645DC589}.DebugDLL|x64.Build.0 = DebugDLL|x64
		{9F051EBC-8D94-44B1-B9F5-1F00645DC589}.Release|Win32.ActiveCfg = Release|Win32
		{9F051EBC-8D94-44B1-B9F5-1F00645DC589}.Release|Win32.Build.0 = Release|Win32
		{9F051EBC-8D94-44B1-B9F5-1F00645DC589}.Release|x64.ActiveCfg = Release|x64
		{9F051EBC-8D94-44B1-B9F5-1F00645DC589}.Release|x64.Build.0 = Release|x64
		{9F051EBC-8D94-44B1-B9F5-1F00645DC589}.ReleaseDLL|Win32.ActiveCfg = ReleaseDLL|Win32
		{9F051EBC-8D94-44B1-B9F5-1F00645DC589}.ReleaseDLL|Win32.Build.0 = ReleaseDLL|Win32
		{9F051EBC-8D94-44B1-B9F5-1F00645DC589}.ReleaseDLL|x64.ActiveCfg = ReleaseDLL|x64
		{9F051EBC-8D94-44B1-B9F5-1F00645DC589}.ReleaseDLL|x64.Build.0 = ReleaseDLL|x64
		{8376ACF1-A823-4E1F-B64C-F6589EBDFC18}.Debug|Win32.ActiveCfg = Debug|Win32
		{8376ACF1-A823-4E1F-B64C-F6589EBDFC18}.Debug|Win32.Build.0 = Debug|Win32
		{8376ACF1-A823-4E1F-B64C-F6589EBDFC18}.Debug|x64.ActiveCfg = Debug|x64
		{8376ACF1-A823-4E1F-B64C-F6589EBDFC18}.Debug|x64.Build.0 = Debug|x64
		{8376ACF1-A823-4E1F-B64C-F6589EBDFC18}.DebugDLL|Win32.ActiveCfg = DebugDLL|Win32
		{8376ACF1-A823-4E1F-B64C-F6589EBDFC18}.DebugDLL|Win32.Build.0 = DebugDLL|Win32
		{8376ACF1-A823-4E1F-B64C-F6589EBDFC18}.DebugDLL|x64.ActiveCfg = DebugDLL|x64
		{8376ACF1-A823-4E1F-B64C-F6589EBDFC18}.DebugDLL|x64.Build.0 = DebugDLL|x64
		{8376ACF1-A823-4E1F-B64C-F6589EBDFC18}.Release|Win32.ActiveCfg = Release|Win32
		{8376ACF1-A823-4E1F-B64C-F6589EBDFC18}.Release|Win32.Build.0 = Release|Win32
		{8376ACF1-A823-4E1F-B64C-F6589EBDFC18}.Release|x64.ActiveCfg = Release|x64
		{8376ACF1-A823-4E1F-B64C-F6589EBDFC18}.Release|x64.Build.0 = Release|x64
		{8376ACF1-A823-4E1F-B64C-F6589EBDFC18}.ReleaseDLL|Win32.ActiveCfg = ReleaseDLL|Win32
		{8376ACF1-A823-4E1F-B64C-F6589EBDFC18}.ReleaseDLL|Win32.Build.0 = ReleaseDLL|Win32
		{8376ACF1-A823-4E1F-B64C-F6589EBDFC18}.ReleaseDLL|x64.ActiveCfg = ReleaseDLL|x64
		{8376ACF1-A823-4E1F-B64C-F6589EBDFC18}.ReleaseDLL|x64.Build.0 = ReleaseDLL|x64
		{BC6052AA-8E29-4580-AE34-C0BF2012DF05}.Debug|Win32.ActiveCfg = Debug|Win32
		{BC6052AA-8E29-4580-AE34-C0BF2012DF05}.Debug|Win32.Build.0 = Debug|Win32
		{BC6052AA-8E29-4580-AE34-C0BF2012DF05}.Debug|x64.ActiveCfg = Debug|x64
		{BC6052AA-8E29-4580-AE34-C0BF2012DF05}.Debug|x64.Build.0 = Debug|x64
		{BC6052AA-8E29-4580-AE34-C0BF2012DF05}.DebugDLL|Win32.ActiveCfg = DebugDLL|Win32
		{BC6052AA-8E29-4580-AE34-C0BF2012DF05}.DebugDLL|Win32.Build.0 = DebugDLL|Win32
		{BC6052AA-8E29-4580-AE34-C0BF2012DF05}.DebugDLL|x64.ActiveCfg = DebugDLL|x64
		{BC6052AA-8E29-4580-AE34-C0BF2012DF05}.DebugDLL|x64.Build.0 = DebugDLL|x64
		{BC6052AA-8E29-4580-AE34-C0BF2012DF05}.Release|Win32.ActiveCfg = Release|Win32
		{BC6052AA-8E29-4580-AE34-C0BF2012DF05}.Release|Win32.Build.0 = Release|Win32
		{BC6052AA-8E29-4580-AE34-C0BF2012DF05}.Release|x64.ActiveCfg = Release|x64
		{BC6052AA-8E29-4580-AE34-C0BF2012DF05}.Release|x64.Build.0 = Release|x64
		{BC6052AA-8E29-4580-AE34-C0BF2012DF05}.ReleaseDLL|Win32.ActiveCfg = ReleaseDLL|Win32
		{BC6052AA-8E29-4580-AE34-C0BF2012DF05}.ReleaseDLL|Win32.Build.0 = ReleaseDLL|Win32
		{BC6052AA-8E29-4580-AE34-C0BF2012DF05}.ReleaseDLL|x64.ActiveCfg = ReleaseDLL|x64
		{BC6052AA-8E29-4580-AE34-C0BF2012DF05}.ReleaseDLL|x64.Build.0 = ReleaseDLL|x64
		{2EB72C9F-BBF8-4740-ADDF-E6291EA6F54F}.Debug|Win32.ActiveCfg = Debug|Win32
		{2EB72C9F-BBF8-4740-ADDF-E6291EA6F54F}.Debug|Win32.Build.0 = Debug|Win32
		{2EB72C9F-BBF8-4740-ADDF-E6291EA6F54F}.Debug|x64.ActiveCfg = Debug|x64
		{2EB72C9F-BBF8-4740-ADDF-E6291EA6F54F}.Debug|x64.Build.0 = Debug|x64
		{2EB72C9F-BBF8-4740-ADDF-E6291EA6F54F}.DebugDLL|Win32.ActiveCfg = DebugDLL|Win32
		{2EB72C9F-BBF8-4740-ADDF-E6291EA6F54F}.DebugDLL|Win32.Build.0 = DebugDLL|Win32
		{2EB72C9F-BBF8-4740-ADDF-E6291EA6F54F}.DebugDLL|x64.ActiveCfg = DebugDLL|x64
		{2EB72C9F-BBF8-4740-ADDF-E6291EA6F54F}.DebugDLL|x64.Build.0 = DebugDLL|x64
		{2EB72C9F-BBF8-4740-ADDF-E6291EA6F54F}.Release|Win32.ActiveCfg = Release|Win32
		{2EB72C9F-BBF8-4740-ADDF-E6291EA6F54F}.Release|Win32.Build.0 = Release|Win32
		{2EB72C9F-BBF8-4740-ADDF-E6291EA6F54F}.Release|x64.ActiveCfg = Release|x64
		{2EB72C9F-BBF8-4740-ADDF-E6291EA6F54F}.Release|x64.Build.0 = Release|x64
		{2EB72C9F-BBF8-4740-ADDF-E6291EA6F54F}.ReleaseDLL|Win32.ActiveCfg = ReleaseDLL|Win32
		{2EB72C9F-BBF8-4740-ADDF-E6291EA6F54F}.ReleaseDLL|Win32.Build.0 = ReleaseDLL|Win32
		{2EB72C9F-BBF8-4740-ADDF-E6291EA6F54F}.ReleaseDLL|x64.ActiveCfg = ReleaseDLL|x64
		{2EB72C9F-BBF8-4740-ADDF-E6291EA6F54F}.ReleaseDLL|x64.Build.0 = ReleaseDLL|x64
		{F7F1769C-8238-48E8-BFFD-487D6821FF1C}.Debug|Win32.ActiveCfg = Debug|Win32
		{F7F1769C-8238-48E8-BFFD-487D6821FF1C}.Debug|Win32.Build.0 = Debug|Win32
		{F7F1769C-8238-48E8-BFFD-487D6821FF1C}.Debug|x64.ActiveCfg = Debug|x64
		{F7F1769C-8238-48E8-BFFD-487D6821FF1C}.Debug|x64.Build.0 = Debug|x64
		{F7F1769C-8238-48E8-BFFD-487D6821FF1C}.DebugDLL|Win32.ActiveCfg = DebugDLL|Win32
		{F7F1769C-8238-48E8-BFFD-487D6821FF1C}.DebugDLL|Win32.Build.0 = DebugDLL|Win32
		{F7F1769C-8238-48E8-BFFD-487D6821FF1C}.DebugDLL|x64.ActiveCfg = DebugDLL|x64
		{F7F1769C-8238-48E8-BFFD-487D6821FF1C}.DebugDLL|x64.Build.0 = DebugDLL|x64
		{F7F1769C-8238-48E8-BFFD-487D6821FF1C}.Release|Win32.ActiveCfg = Release|Win32
		{F7F1769C-8238-48E8-BFFD-487D6821FF1C}.Release|Win32.Build.0 = Release|Win32
		{F7F1769C-8238-48E8-BFFD-487D6821FF1C}.Release|x64.ActiveCfg = Release|x64
		{F7F1769C-8238-48E8-BFFD-487D6821FF1C}.Release|x64.Build.0 = Release|x64
		{F7F1769C-8238-48E8-BFFD-487D6821FF1C}.ReleaseDLL|Win32.ActiveCfg = ReleaseDLL|Win32
		{F7F1769C-8238-48E8-BFFD-487D6821FF1C}.ReleaseDLL|Win32.Build.0 = ReleaseDLL|Win32
		{F7F1769C-8238-48E8-BFFD-487D6821FF1C}.ReleaseDLL|x64.ActiveCfg = ReleaseDLL|x64
		{F7F1769C-8238-48E8-BFFD-487D6821FF1C}.ReleaseDLL|x64.Build.0 = ReleaseDLL|x64
		{6C7BA199-980B-4178-B0A8-1FBE3AAE64E3}.Debug|Win32.ActiveCfg = Debug|Win32
		{6C7BA199-980B-4178-B0A8-1FBE3AAE64E3}.Debug|Win32.Build.0 = Debug|Win32
		{6C7BA199-980B-4178-B0A8-1FBE3AAE64E3}.Debug|x64.ActiveCfg = Debug|x64
		{6C7BA199-980B-4178-B0A8-1FBE3AAE64E3}.Debug|x64.Build.0 = Debug|x64
		{6C7BA199-980B-4178-B0A8-1FBE3AAE64E3}.DebugDLL|Win32.ActiveCfg = DebugDLL|Win32
		{6C7BA199-980B-4178-B0A8-1FBE3AAE64E3}.DebugDLL|Win32.Build.0 = DebugDLL|Win32
		{6C7BA199-980B-4178-B0A8-1FBE3AAE64E3}.DebugDLL|x64.ActiveCfg = DebugDLL|x64
		{6C7BA199-980B-4178-B0A8-1FBE3AAE64E3}.DebugDLL|x64.Build.0 = DebugDLL|x64
		{6C7BA199-980B-4178-B0A8-1FBE3AAE64E3}.Release|Win32.ActiveCfg = Release|Win32
		{6C7BA199-980B-4178-B0A8-1FBE3AAE64E3}.Release|Win32.Build.0 = Release|Win32
		{6C7BA199-980B-4178-B0A8-1FBE3AAE64E3}.Release|x64.ActiveCfg = Release|x64
		{6C7BA199-980B-4178-B0A8-1FBE3AAE64E3}.Release|x64.Build.0 = Release|x64
		{6C7BA199-980B-4178-B0A8-1FBE3AAE64E3}.ReleaseDLL|Win32.ActiveCfg = ReleaseDLL|Win32
		{6C7BA199-980B-4178-B0A8-1FBE3AAE64E3}.ReleaseDLL|Win32.Build.0 = ReleaseDLL|Win32
		{6C7BA199-980B-4178-B0A8-1FBE3AAE64E3}.ReleaseDLL|x64.ActiveCfg = ReleaseDLL|x64
		{6C7BA199-980B-4178-B0A8-1FBE3AAE64E3}.ReleaseDLL|x64.Build.0 = ReleaseDLL|x64
		{685D4438-4C48-4E8C-8ACE-A7D37E32DFC2}.Debug|Win32.ActiveCfg = Debug|Win32
		{685D4438-4C48-4E8C-8ACE-A7D37E32DFC2}.Debug|Win32.Build.0 = Debug|Win32
		{685D4438-4C48-4E8C-8ACE-A7D37E32DFC2}.Debug|x64.ActiveCfg = Debug|x64
		{685D4438-4C48-4E8C-8ACE-A7D37E32DFC2}.Debug|x64.Build.0 = Debug|x64
		{685D4438-4C48-4E8C-8ACE-A7D37E32DFC2}.DebugDLL|Win32.ActiveCfg = DebugDLL|Win32
		{685D4438-4C48-4E8C-8ACE-A7D37E32DFC2}.DebugDLL|Win32.Build.0 = DebugDLL|Win32
		{685D4438-4C48-4E8C-8ACE-A7D37E32DFC2}.DebugDLL|x64.ActiveCfg = DebugDLL|x64
		{685D4438-4C48-4E8C-8ACE-A7D37E32DFC2}.DebugDLL|x64.Build.0 = DebugDLL|x64
		{685D4438-4C48-4E8C-8ACE-A7D37E32DFC2}.Release|Win32.ActiveCfg = Release|Win32
		{685D4438-4C48-4E8C-8ACE-A7D37E32DFC2}.Release|Win32.Build.0 = Release|Win32
		{685D4438-4C48-4E8C-8ACE-A7D37E32DFC2}.Release|x64.ActiveCfg = Release|x64
		{685D4438-4C48-4E8C-8ACE-A7D37E32DFC2}.Release|x64.Build.0 = Release|x64
		{685D4438-4C48-4E8C-8ACE-A7D37E32DFC2}.ReleaseDLL|Win32.ActiveCfg = ReleaseDLL|Win32
		{685D4438-4C48-4E8C-8ACE-A7D37E32DFC2}.ReleaseDLL|Win32.Build.0 = ReleaseDLL|Win32
		{685D4438-4C48-4E8C-8ACE-A7D37E32DFC2}.ReleaseDLL|x64.ActiveCfg = ReleaseDLL|x64
		{685D4438-4C48-4E8C-8ACE-A7D37E32DFC2}.ReleaseDLL|x64.Build.0 = ReleaseDLL|x64
		{3BB72ED5-18C2-4406-9854-A4B1387DE59A}.Debug|Win32.ActiveCfg = Debug|Win32
		{3BB72ED5-18C2-4406-9854-A4B1387DE59A}.Debug|Win32.Build.0 = Debug|Win32
		{3BB72ED5-18C2-4406-9854-A4B1387DE59A}.Debug|x64.ActiveCfg = Debug|x64
		{3BB72ED5-18C2-4406-9854-A4B1387DE59A}.Debug|x64.Build.0 = Debug|x64
		{3BB72ED5-18C2-4406-9854-A4B1387DE59A}.DebugDLL|Win32.ActiveCfg = DebugDLL|Win32
		{3BB72ED5-18C2-4406-9854-A4B1387DE59A}.DebugDLL|Win32.Build.0 = DebugDLL|Win32
		{3BB72ED5-18C2-4406-9854-A4B1387DE59A}.DebugDLL|x64.ActiveCfg = DebugDLL|x64
		{3BB72ED5-18C2-4406-9854-A4B1387DE59A}.DebugDLL|x64.Build.0 = DebugDLL|x64
		{3BB72ED5-18C2-4406-9854-A4B1387DE59A}.Release|Win32.ActiveCfg = Release|Win32
		{3BB72ED5-18C2-4406-9854-A4B1387DE59A}.Release|Win32.Build.0 = Release|Win32
		{3BB72ED5-18C2-4406-9854-A4B1387DE59A}.Release|x64.ActiveCfg = Release|x64
		{3BB72ED5-18C2-4406-9854-A4B1387DE59A}.Release|x64.Build.0 = Release|x64
		{3BB72ED5-18C2-4406-9854-A4B1387DE59A}.ReleaseDLL|Win32.ActiveCfg = ReleaseDLL|Win32
		{3BB72ED5-18C2-4406-9854-A4B1387DE59A}.ReleaseDLL|Win32.Build.0 = ReleaseDLL|Win32
		{3BB72ED5-18C2-4406-9854-A4B1387DE59A}.ReleaseDLL|x64.ActiveCfg = ReleaseDLL|x64
		{3BB72ED5-18C2-4406-9854-A4B1387DE59A}.ReleaseDLL|x64.Build.0 = ReleaseDLL|x64
		{1E931C82-5B09-4B29-A6F6-CD4BD8A992A8}.Debug|Win32.ActiveCfg = Debug|Win32
		{1E931C82-5B09-4B29-A6F6-CD4BD8A992A8}.Debug|Win32.Build.0 = Debug|Win32
		{1E931C82-5B09-4B29-A6F6-CD4BD8A992A8}.Debug|x64.ActiveCfg = Debug|x64
		{1E931C82-5B09-4B29-A6F6-CD4BD8A992A8}.Debug|x64.Build.0 = Debug|x64
		{1E931C82-5B09-4B29-A6F6-CD4BD8A992A8}.DebugDLL|Win32.ActiveCfg = DebugDLL|Win32
		{1E931C82-5B09-4B29-A6F6-CD4BD8A992A8}.DebugDLL|Win32.Build.0 = DebugDLL|Win32
		{1E931C82-5B09-4B29-A6F6-CD4BD8A992A8}.DebugDLL|x64.ActiveCfg = DebugDLL|x64
		{1E931C82-5B09-4B29-A6F6-CD4BD8A992A8}.DebugDLL|x64.Build.0 = DebugDLL|x64
		{1E931C82-5B09-4B29-A6F6-CD4BD8A992A8}.Release|Win32.ActiveCfg = Release|Win32
		{1E931C82-5B09-4B29-A6F6-CD4BD8A992A8}.Release|Win32.Build.0 = Release|Win32
		{1E931C82-5B09-4B29-A6F6-CD4BD8A992A8}.Release|x64.ActiveCfg = Release|x64
		{1E931C82-5B09-4B29-A6F6-CD4BD8A992A8}.Release|x64.Build.0 = Release|x64
		{1E931C82-5B09-4B29-A6F6-CD4BD8A992A8}.ReleaseDLL|Win32.ActiveCfg = ReleaseDLL|Win32
		{1E931C82-5B09-4B29-A6F6-CD4BD8A992A8}.ReleaseDLL|Win32.Build.0 = ReleaseDLL|Win32
		{1E931C82-5B09-4B29-A6F6-CD4BD8A992A8}.ReleaseDLL|x64.ActiveCfg = ReleaseDLL|x64
		{1E931C82-5B09-4B29-A6F6-CD4BD8A992A8}.ReleaseDLL|x64.Build.0 = ReleaseDLL|x64
		{39626CF0-8867-4737-9559-9D5B005080E3}.Debug|Win32.ActiveCfg = Debug|Win32
		{39626CF0-8867-4737-9559-9D5B005080E3}.Debug|Win32.Build.0 = Debug|Win32
		{39626CF0-8867-4737-9559-9D5B005080E3}.Debug|x64.ActiveCfg = Debug|x64
		{39626CF0-8867-4737-9559-9D5B005080E3}.Debug|x64.Build.0 = Debug|x64
		{39626CF0-8867-4737-9559-9D5B005080E3}.DebugDLL|Win32.ActiveCfg = DebugDLL|Win32
		{39626CF0-8867-4737-9559-9D5B005080E3}.DebugDLL|Win32.Build.0 = DebugDLL|Win32
		{39626CF0-8867-4737-9559-9D5B005080E3}.DebugDLL|x64.ActiveCfg = DebugDLL|x64
		{39626CF0-8867-4737-9559-9D5B005080E3}.DebugDLL|x64.Build.0 = DebugDLL|x64
		{39626CF0-8867-4737-9559-9D5B005080E3}.Release|Win32.ActiveCfg = Release|Win32
		{39626CF0-8867-4737-9559-9D5B005080E3}.Release|Win32.Build.0 = Release|Win32
		{39626CF0-8867-4737-9559-9D5B005080E3}.Release|x64.ActiveCfg = Release|x64
		{39626CF0-8867-4737-9559-9D5B005080E3}.Release|x64.Build.0 = Release|x64
		{39626CF0-8867-4737-9559-9D5B005080E3}.ReleaseDLL|Win32.ActiveCfg = ReleaseDLL|Win32
		{39626CF0-8867-4737-9559-9D5B005080E3}.ReleaseDLL|Win32.Build.0 = ReleaseDLL|Win32
		{39626CF0-8867-4737-9559-9D5B005080E3}.ReleaseDLL|x64.ActiveCfg = ReleaseDLL|x64
		{39626CF0-8867-4737-9559-9D5B005080E3}.ReleaseDLL|x64.Build.0 = ReleaseDLL|x64
		{8C6ECD26-DC99-4126-93B2-5A7B94AB3FEC}.Debug|Win32.ActiveCfg = Debug|Win32
		{8C6ECD26-DC99-4126-93B2-5A7B94AB3FEC}.Debug|Win32.Build.0 = Debug|Win32
		{8C6ECD26-DC99-4126-93B2-5A7B94AB3FEC}.Debug|x64.ActiveCfg = Debug|x64
		{8C6ECD26-DC99-4126-93B2-5A7B94AB3FEC}.Debug|x64.Build.0 = Debug|x64
		{8C6ECD26-DC99-4126-93B2-5A7B94AB3FEC}.DebugDLL|Win32.ActiveCfg = DebugDLL|Win32
		{8C6ECD26-DC99-4126-93B2-5A7B94AB3FEC}.DebugDLL|Win32.Build.0 = DebugDLL|Win32
		{8C6ECD26-DC99-4126-93B2-5A7B94AB3FEC}.DebugDLL|x64.ActiveCfg = DebugDLL|x64
		{8C6ECD26-DC99-4126-93B2-5A7B94AB3FEC}.DebugDLL|x64.Build.0 = DebugDLL|x64
		{8C6ECD26-DC99-4126-93B2-5A7B94AB3FEC}.Release|Win32.ActiveCfg = Release|Win32
		{8C6ECD26-DC99-4126-93B2-5A7B94AB3FEC}.Release|Win32.Build.0 = Release|Win32
		{8C6ECD26-DC99-4126-93B2-5A7B94AB3FEC}.Release|x64.ActiveCfg = Release|x64
		{8C6ECD26-DC99-4126-93B2-5A7B94AB3FEC}.Release|x64.Build.0 = Release|x64
		{8C6ECD26-DC99-4126-93B2-5A7B94AB3FEC}.ReleaseDLL|Win32.ActiveCfg = ReleaseDLL|Win32
		{8C6ECD26-DC99-4126-93B2-5A7B94AB3FEC}.ReleaseDLL|Win32.Build.0 = ReleaseDLL|Win32
		{8C6ECD26-DC99-4126-93B2-5A7B94AB3FEC}.ReleaseDLL|x64.ActiveCfg = ReleaseDLL|x64
		{8C6ECD26-DC99-4126-93B2-5A7B94AB3FEC}.ReleaseDLL|x64.Build.0 = ReleaseDLL|x64
		{22B4FF05-1B94-4DE7-9592-8E3B7184BDA0}.Debug|Win32.ActiveCfg = Debug|Win32
		{22B4FF05-1B94-4DE7-9592-8E3B7184BDA0}.Debug|Win32.Build.0 = Debug|Win32
		{22B4FF05-1B94-4DE7-9592-8E3B7184BDA0}.Debug|x64.ActiveCfg = Debug|x64
		{22B4FF05-1B94-4DE7-9592-8E3B7184BDA0}.Debug|x64.Build.0 = Debug|x64
		{22B4FF05-1B94-4DE7-9592-8E3B7184BDA0}.DebugDLL|Win32.ActiveCfg = DebugDLL|Win32
		{22B4FF05-1B94-4DE7-9592-8E3B7184BDA0}.DebugDLL|Win32.Build.0 = DebugDLL|Win32
		{22B4FF05-1B94-4DE7-9592-8E3B7184BDA0}.DebugDLL|x64.ActiveCfg = DebugDLL|x64
		{22B4FF05-1B94-4DE7-9592-8E3B7184BDA0}.DebugDLL|x64.Build.0 = DebugDLL|x64
		{22B4FF05-1B94-4DE7-9592-8E3B7184BDA0}.Release|Win32.ActiveCfg = Release|Win32
		{22B4FF05-1B94-4DE7-9592-8E3B7184BDA0}.Release|Win32.Build.0 = Release|Win32
		{22B4FF05-1B94-4DE7-9592-8E3B7184BDA0}.Release|x64.ActiveCfg = Release|x64
		{22B4FF05-1B94-4DE7-9592-8E3B7184BDA0}.Release|x64.Build.0 = Release|x64
		{22B4FF05-1B94-4DE7-9592-8E3B7184BDA0}.ReleaseDLL|Win32.ActiveCfg = ReleaseDLL|Win32
		{22B4FF05-1B94-4DE7-9592-8E3B7184BDA0}.ReleaseDLL|Win32.Build.0 = ReleaseDLL|Win32
		{22B4FF05-1B94-4DE7-9592-8E3B7184BDA0}.ReleaseDLL|x64.ActiveCfg = ReleaseDLL|x64
		{22B4FF05-1B94-4DE7-9592-8E3B7184BDA0}.ReleaseDLL|x64.Build.0 = ReleaseDLL|x64
		{FC88A9EA-A150-4375-9BA2-DCB14D4FE093}.Debug|Win32.ActiveCfg = Debug|Win32
		{FC88A9EA-A150-4375-9BA2-DCB14D4FE093}.Debug|Win32.Build.0 = Debug|Win32
		{FC88A9EA-A150-4375-9BA2-DCB14D4FE093}.Debug|x64.ActiveCfg = Debug|x64
		{FC88A9EA-A150-4375-9BA2-DCB14D4FE093}.Debug|x64.Build.0 = Debug|x64
		{FC88A9EA-A150-4375-9BA2-DCB14D4FE093}.DebugDLL|Win32.ActiveCfg = DebugDLL|Win32
		{FC88A9EA-A150-4375-9BA2-DCB14D4FE093}.DebugDLL|Win32.Build.0 = DebugDLL|Win32
		{FC88A9EA-A150-4375-9BA2-DCB14D4FE093}.DebugDLL|x64.ActiveCfg = DebugDLL|x64
		{FC88A9EA-A150-4375-9BA2-DCB14D4FE093}.DebugDLL|x64.Build.0 = DebugDLL|x64
		{FC88A9EA-A150-4375-9BA2-DCB14D4FE093}.Release|Win32.ActiveCfg = Release|Win32
		{FC88A9EA-A150-4375-9BA2-DCB14D4FE093}.Release|Win32.Build.0 = Release|Win32
		{FC88A9EA-A150-4375-9BA2-DCB14D4FE093}.Release|x64.ActiveCfg = Release|x64
		{FC88A9EA-A150-4375-9BA2-DCB14D4FE093}.Release|x64.Build.0 = Release|x64
		{FC88A9EA-A150-4375-9BA2-DCB14D4FE093}.ReleaseDLL|Win32.ActiveCfg = ReleaseDLL|Win32
		{FC88A9EA-A150-4375-9BA2-DCB14D4FE093}.ReleaseDLL|Win32.Build.0 = ReleaseDLL|Win32
		{FC88A9EA-A150-4375-9BA2-DCB14D4FE093}.ReleaseDLL|x64.ActiveCfg = ReleaseDLL|x64
		{FC88A9EA-A150-4375-9BA2-DCB14D4FE093}.ReleaseDLL|x64.Build.0 = ReleaseDLL|x64
		{B0587834-8B11-4AD4-93AA-FB554F50FAF1}.Debug|Win32.ActiveCfg = Debug|Win32
		{B0587834-8B11-4AD4-93AA-FB554F50FAF1}.Debug|Win32.Build.0 = Debug|Win32
		{B0587834-8B11-4AD4-93AA-FB554F50FAF1}.Debug|x64.ActiveCfg = Debug|x64
		{B0587834-8B11-4AD4-93AA-FB554F50FAF1}.Debug|x64.Build.0 = Debug|x64
		{B0587834-8B11-4AD4-93AA-FB554F50FAF1}.DebugDLL|Win32.ActiveCfg = DebugDLL|Win32
		{B0587834-8B11-4AD4-93AA-FB554F50FAF1}.DebugDLL|Win32.Build.0 = DebugDLL|Win32
		{B0587834-8B11-4AD4-93AA-FB554F50FAF1}.DebugDLL|x64.ActiveCfg = DebugDLL|x64
		{B0587834-8B11-4AD4-93AA-FB554F50FAF1}.DebugDLL|x64.Build.0 = DebugDLL|x64
		{B0587834-8B11-4AD4-93AA-FB554F50FAF1}.Release|Win32.ActiveCfg = Release|Win32
		{B0587834-8B11-4AD4-93AA-FB554F50FAF1}.Release|Win32.Build.0 = Release|Win32
		{B0587834-8B11-4AD4-93AA-FB554F50FAF1}.Release|x64.ActiveCfg = Release|x64
		{B0587834-8B11-4AD4-93AA-FB554F50FAF1}.Release|x64.Build.0 = Release|x64
		{B0587834-8B11-4AD4-93AA-FB554F50FAF1}.ReleaseDLL|Win32.ActiveCfg = ReleaseDLL|Win32
		{B0587834-8B11-4AD4-93AA-FB554F50FAF1}.ReleaseDLL|Win32.Build.0 = ReleaseDLL|Win32
		{B0587834-8B11-4AD4-93AA-FB554F50FAF1}.ReleaseDLL|x64.ActiveCfg = ReleaseDLL|x64
		{B0587834-8B11-4AD4-93AA-FB554F50FAF1}.ReleaseDLL|x64.Build.0 = ReleaseDLL|x64
		{83D12E8E-E99F-4A26-A98B-2EB0296519DE}.Debug|Win32.ActiveCfg = Debug|Win32
		{83D12E8E-E99F-4A26-A98B-2EB0296519DE}.Debug|Win32.Build.0 = Debug|Win32
		{83D12E8E-E99F-4A26-A98B-2EB0296519DE}.Debug|x64.ActiveCfg = Debug|x64
		{83D12E8E-E99F-4A26-A98B-2EB0296519DE}.Debug|x64.Build.0 = Debug|x64
		{83D12E8E-E99F-4A26-A98B-2EB0296519DE}.DebugDLL|Win32.ActiveCfg = DebugDLL|Win32
		{83D12E8E-E99F-4A26-A98B-2EB0296519DE}.DebugDLL|Win32.Build.0 = DebugDLL|Win32
		{83D12E8E-E99F-4A26-A98B-2EB0296519DE}.DebugDLL|x64.ActiveCfg = DebugDLL|x64
		{83D12E8E-E99F-4A26-A98B-2EB0296519DE}.DebugDLL|x64.Build.0 = DebugDLL|x64
		{83D12E8E-E99F-4A26-A98B-2EB0296519DE}.Release|Win32.ActiveCfg = Release|Win32
		{83D12E8E-E99F-4A26-A98B-2EB0296519DE}.Release|Win32.Build.0 = Release|Win32
		{83D12E8E-E99F-4A26-A98B-2EB0296519DE}.Release|x64.ActiveCfg = Release|x64
		{83D12E8E-E99F-4A26-A98B-2EB0296519DE}.Release|x64.Build.0 = Release|x64
		{83D12E8E-E99F-4A26-A98B-2EB0296519DE}.ReleaseDLL|Win32.ActiveCfg = ReleaseDLL|Win32
		{83D12E8E-E99F-4A26-A98B-2EB0296519DE}.ReleaseDLL|Win32.Build.0 = ReleaseDLL|Win32
		{83D12E8E-E99F-4A26-A98B-2EB0296519DE}.ReleaseDLL|x64.ActiveCfg = ReleaseDLL|x64
		{83D12E8E-E99F-4A26-A98B-2EB0296519DE}.ReleaseDLL|x64.Build.0 = ReleaseDLL|x64
		{92CDD15A-E89F-4724-AB56-54C097F1D6A1}.Debug|Win32.ActiveCfg = Debug|Win32
		{92CDD15A-E89F-4724-AB56-54C097F1D6A1}.Debug|Win32.Build.0 = Debug|Win32
		{92CDD15A-E89F-4724-AB56-54C097F1D6A1}.Debug|x64.ActiveCfg = Debug|x64
		{92CDD15A-E89F-4724-AB56-54C097F1D6A1}.Debug|x64.Build.0 = Debug|x64
		{92CDD15A-E89F-4724-AB56-54C097F1D6A1}.DebugDLL|Win32.ActiveCfg = DebugDLL|Win32
		{92CDD15A-E89F-4724-AB56-54C097F1D6A1}.DebugDLL|Win32.Build.0 = DebugDLL|Win32
		{92CDD15A-E89F-4724-AB56-54C097F1D6A1}.DebugDLL|x64.ActiveCfg = DebugDLL|x64
		{92CDD15A-E89F-4724-AB56-54C097F1D6A1}.DebugDLL|x64.Build.0 = DebugDLL|x64
		{92CDD15A-E89F-4724-AB56-54C097F1D6A1}.Release|Win32.ActiveCfg = Release|Win32
		{92CDD15A-E89F-4724-AB56-54C097F1D6A1}.Release|Win32.Build.0 = Release|Win32
		{92CDD15A-E89F-4724-AB56-54C097F1D6A1}.Release|x64.ActiveCfg = Release|x64
		{92CDD15A-E89F-4724-AB56-54C097F1D6A1}.Release|x64.Build.0 = Release|x64
		{92CDD15A-E89F-4724-AB56-54C097F1D6A1}.ReleaseDLL|Win32.ActiveCfg = ReleaseDLL|Win32
		{92CDD15A-E89F-4724-AB56-54C097F1D6A1}.ReleaseDLL|Win32.Build.0 = ReleaseDLL|Win32
		{92CDD15A-E89F-4724-AB56-54C097F1D6A1}.ReleaseDLL|x64.ActiveCfg = ReleaseDLL|x64
		{92CDD15A-E89F-4724-AB56-54C097F1D6A1}.ReleaseDLL|x64.Build.0 = ReleaseDLL|x64
		{127DF18C-5A31-4315-BA4F-544B807A2533}.Debug|Win32.ActiveCfg = Debug|Win32
		{127DF18C-5A31-4315-BA4F-544B807A2533}.Debug|Win32.Build.0 = Debug|Win32
		{127DF18C-5A31-4315-BA4F-544B807A2533}.Debug|x64.ActiveCfg = Debug|x64
		{127DF18C-5A31-4315-BA4F-544B807A2533}.Debug|x64.Build.0 = Debug|x64
		{127DF18C-5A31-4315-BA4F-544B807A2533}.DebugDLL|Win32.ActiveCfg = DebugDLL|Win32
		{127DF18C-5A31-4315-BA4F-544B807A2533}.DebugDLL|Win32.Build.0 = DebugDLL|Win32
		{127DF18C-5A31-4315-BA4F-544B807A2533}.DebugDLL|x64.ActiveCfg = DebugDLL|x64
		{127DF18C-5A31-4315-BA4F-544B807A2533}.DebugDLL|x64.Build.0 = DebugDLL|x64
		{127DF18C-5A31-4315-BA4F-544B807A2533}.Release|Win32.ActiveCfg = Release|Win32
		{127DF18C-5A31-4315-BA4F-544B807A2533}.Release|Win32.Build.0 = Release|Win32
		{127DF18C-5A31-4315-BA4F-544B807A2533}.Release|x64.ActiveCfg = Release|x64
		{127DF18C-5A31-4315-BA4F-544B807A2533}.Release|x64.Build.0 = Release|x64
		{127DF18C-5A31-4315-BA4F-544B807A2533}.ReleaseDLL|Win32.ActiveCfg = ReleaseDLL|Win32
		{127DF18C-5A31-4315-BA4F-544B807A2533}.ReleaseDLL|Win32.Build.0 = ReleaseDLL|Win32
		{127DF18C-5A31-4315-BA4F-544B807A2533}.ReleaseDLL|x64.ActiveCfg = ReleaseDLL|x64
		{127DF18C-5A31-4315-BA4F-544B807A2533}.ReleaseDLL|x64.Build.0 = ReleaseDLL|x64
		{414CF106-FD2B-4835-A914-D7CFFC668A36}.Debug|Win32.ActiveCfg = Debug|Win32
		{414CF106-FD2B-4835-A914-D7CFFC668A36}.Debug|Win32.Build.0 = Debug|Win32
		{414CF106-FD2B-4835-A914-D7CFFC668A36}.Debug|x64.ActiveCfg = Debug|x64
		{414CF106-FD2B-4835-A914-D7CFFC668A36}.Debug|x64.Build.0 = Debug|x64
		{414CF106-FD2B-4835-A914-D7CFFC668A36}.DebugDLL|Win32.ActiveCfg = DebugDLL|Win32
		{414CF106-FD2B-4835-A914-D7CFFC668A36}.DebugDLL|Win32.Build.0 = DebugDLL|Win32
		{414CF106-FD2B-4835-A914-D7CFFC668A36}.DebugDLL|x64.ActiveCfg = DebugDLL|x64
		{414CF106-FD2B-4835-A914-D7CFFC668A36}.DebugDLL|x64.Build.0 = DebugDLL|x64
		{414CF106-FD2B-4835-A914-D7CFFC668A36}.Release|Win32.ActiveCfg = Release|Win32
		{414CF106-FD2B-4835-A914-D7CFFC668A36}.Release|Win32.Build.0 = Release|Win32
		{414CF106-FD2B-4835-A914-D7CFFC668A36}.Release|x64.ActiveCfg = Release|x64
		{414CF106-FD2B-4835-A914-D7CFFC668A36}.Release|x64.Build.0 = Release|x64
		{414CF106-FD2B-4835-A914-D7CFFC668A36}.ReleaseDLL|Win32.ActiveCfg = ReleaseDLL|Win32
		{414CF106-FD2B-4835-A914-D7CFFC668A36}.ReleaseDLL|Win32.Build.0 = ReleaseDLL|Win32
		{414CF106-FD2B-4835-A914-D7CFFC668A36}.ReleaseDLL|x64.ActiveCfg = ReleaseDLL|x64
		{414CF106-FD2B-4835-A914-D7CFFC668A36}.ReleaseDLL|x64.Build.0 = ReleaseDLL|x64
		{C59F02A5-9E8E-4AB6-8CC2-A054E6E7007E}.Debug|Win32.ActiveCfg = Debug|Win32
		{C59F02A5-9E8E-4AB6-8CC2-A054E6E7007E}.Debug|Win32.Build.0 = Debug|Win32
		{C59F02A5-9E8E-4AB6-8CC2-A054E6E7007E}.Debug|x64.ActiveCfg = Debug|x64
		{C59F02A5-9E8E-4AB6-8CC2-A054E6E7007E}.Debug|x64.Build.0 = Debug|x64
		{C59F02A5-9E8E-4AB6-8CC2-A054E6E7007E}.DebugDLL|Win32.ActiveCfg = DebugDLL|Win32
		{C59F02A5-9E8E-4AB6-8CC2-A054E6E7007E}.DebugDLL|Win32.Build.0 = DebugDLL|Win32
		{C59F02A5-9E8E-4AB6-8CC2-A054E6E7007E}.DebugDLL|x64.ActiveCfg = DebugDLL|x64
		{C59F02A5-9E8E-4AB6-8CC2-A054E6E7007E}.DebugDLL|x64.Build.0 = DebugDLL|x64
		{C59F02A5-9E8E-4AB6-8CC2-A054E6E7007E}.Release|Win32.ActiveCfg = Release|Win32
		{C59F02A5-9E8E-4AB6-8CC2-A054E6E7007E}.Release|Win32.Build.0 = Release|Win32
		{C59F02A5-9E8E-4AB6-8CC2-A054E6E7007E}.Release|x64.ActiveCfg = Release|x64
		{C59F02A5-9E8E-4AB6-8CC2-A054E6E7007E}.Release|x64.Build.0 = Release|x64
		{C59F02A5-9E8E-4AB6-8CC2-A054E6E7007E}.ReleaseDLL|Win32.ActiveCfg = ReleaseDLL|Win32
		{C59F02A5-9E8E-4AB6-8CC2-A054E6E7007E}.ReleaseDLL|Win32.Build.0 = ReleaseDLL|Win32
		{C59F02A5-9E8E-4AB6-8CC2-A054E6E7007E}.ReleaseDLL|x64.ActiveCfg = ReleaseDLL|x64
		{C59F02A5-9E8E-4AB6-8CC2-A054E6E7007E}.ReleaseDLL|x64.Build.0 = ReleaseDLL|x64
		{84D8CC8E-1CDB-448C-9FFB-48EB32A5AD47}.Debug|Win32.ActiveCfg = Debug|Win32
		{84D8CC8E-1CDB-448C-9FFB-48EB32A5AD47}.Debug|Win32.Build.0 = Debug|Win32
		{84D8CC8E-1CDB-448C-9FFB-48EB32A5AD47}.Debug|x64.ActiveCfg = Debug|x64
		{84D8CC8E-1CDB-448C-9FFB-48EB32A5AD47}.Debug|x64.Build.0 = Debug|x64
		{84D8CC8E-1CDB-448C-9FFB-48EB32A5AD47}.DebugDLL|Win32.ActiveCfg = DebugDLL|Win32
		{84D8CC8E-1CDB-448C-9FFB-48EB32A5AD47}.DebugDLL|Win32.Build.0 = DebugDLL|Win32
		{84D8CC8E-1CDB-448C-9FFB-48EB32A5AD47}.DebugDLL|x64.ActiveCfg = DebugDLL|x64
		{84D8CC8E-1CDB-448C-9FFB-48EB32A5AD47}.DebugDLL|x64.Build.0 = DebugDLL|x64
		{84D8CC8E-1CDB-448C-9FFB-48EB32A5AD47}.Release|Win32.ActiveCfg = Release|Win32
		{84D8CC8E-1CDB-448C-9FFB-48EB32A5AD47}.Release|Win32.Build.0 = Release|Win32
		{84D8CC8E-1CDB-448C-9FFB-48EB32A5AD47}.Release|x64.ActiveCfg = Release|x64
		{84D8CC8E-1CDB-448C-9FFB-48EB32A5AD47}.Release|x64.Build.0 = Release|x64
		{84D8CC8E-1CDB-448C-9FFB-48EB32A5AD47}.ReleaseDLL|Win32.ActiveCfg = ReleaseDLL|Win32
		{84D8CC8E-1CDB-448C-9FFB-48EB32A5AD47}.ReleaseDLL|Win32.Build.0 = ReleaseDLL|Win32
		{84D8CC8E-1CDB-448C-9FFB-48EB32A5AD47}.ReleaseDLL|x64.ActiveCfg = ReleaseDLL|x64
		{84D8CC8E-1CDB-448C-9FFB-48EB32A5AD47}.ReleaseDLL|x64.Build.0 = ReleaseDLL|x64
		{D6A86A4A-6FD3-42CE-9B75-9F7320DBF4D2}.Debug|Win32.ActiveCfg = Debug|Win32
		{D6A86A4A-6FD3-42CE-9B75-9F7320DBF4D2}.Debug|Win32.Build.0 = Debug|Win32
		{D6A86A4A-6FD3-42CE-9B75-9F7320DBF4D2}.Debug|x64.ActiveCfg = Debug|x64
		{D6A86A4A-6FD3-42CE-9B75-9F7320DBF4D2}.Debug|x64.Build.0 = Debug|x64
		{D6A86A4A-6FD3-42CE-9B75-9F7320DBF4D2}.DebugDLL|Win32.ActiveCfg = DebugDLL|Win32
		{D6A86A4A-6FD3-42CE-9B75-9F7320DBF4D2}.DebugDLL|Win32.Build.0 = DebugDLL|Win32
		{D6A86A4A-6FD3-42CE-9B75-9F7320DBF4D2}.DebugDLL|x64.ActiveCfg = DebugDLL|x64
		{D6A86A4A-6FD3-42CE-9B75-9F7320DBF4D2}.DebugDLL|x64.Build.0 = DebugDLL|x64
		{D6A86A4A-6FD3-42CE-9B75-9F7320DBF4D2}.Release|Win32.ActiveCfg = Release|Win32
		{D6A86A4A-6FD3-42CE-9B75-9F7320DBF4D2}.Release|Win32.Build.0 = Release|Win32
		{D6A86A4A-6FD3-42CE-9B75-9F7320DBF4D2}.Release|x64.ActiveCfg = Release|x64
		{D6A86A4A-6FD3-42CE-9B75-9F7320DBF4D2}.Release|x64.Build.0 = Release|x64
		{D6A86A4A-6FD3-42CE-9B75-9F7320DBF4D2}.ReleaseDLL|Win32.ActiveCfg = ReleaseDLL|Win32
		{D6A86A4A-6FD3-42CE-9B75-9F7320DBF4D2}.ReleaseDLL|Win32.Build.0 = ReleaseDLL|Win32
		{D6A86A4A-6FD3-42CE-9B75-9F7320DBF4D2}.ReleaseDLL|x64.ActiveCfg = ReleaseDLL|x64
		{D6A86A4A-6FD3-42CE-9B75-9F7320DBF4D2}.ReleaseDLL|x64.Build.0 = ReleaseDLL|x64
		{484A2649-EDC4-4F79-9CC3-EE323182CA97}.Debug|Win32.ActiveCfg = Debug|Win32
		{484A2649-EDC4-4F79-9CC3-EE323182CA97}.Debug|Win32.Build.0 = Debug|Win32
		{484A2649-EDC4-4F79-9CC3-EE323182CA97}.Debug|x64.ActiveCfg = Debug|x64
		{484A2649-EDC4-4F79-9CC3-EE323182CA97}.Debug|x64.Build.0 = Debug|x64
		{484A2649-EDC4-4F79-9CC3-EE323182CA97}.DebugDLL|Win32.ActiveCfg = DebugDLL|Win32
		{484A2649-EDC4-4F79-9CC3-EE323182CA97}.DebugDLL|Win32.Build.0 = DebugDLL|Win32
		{484A2649-EDC4-4F79-9CC3-EE323182CA97}.DebugDLL|x64.ActiveCfg = DebugDLL|x64
		{484A2649-EDC4-4F79-9CC3-EE323182CA97}.DebugDLL|x64.Build.0 = DebugDLL|x64
		{484A2649-EDC4-4F79-9CC3-EE323182CA97}.Release|Win32.ActiveCfg = Release|Win32
		{484A2649-EDC4-4F79-9CC3-EE323182CA97}.Release|Win32.Build.0 = Release|Win32
		{484A2649-EDC4-4F79-9CC3-EE323182CA97}.Release|x64.ActiveCfg = Release|x64
		{484A2649-EDC4-4F79-9CC3-EE323182CA97}.Release|x64.Build.0 = Release|x64
		{484A2649-EDC4-4F79-9CC3-EE323182CA97}.ReleaseDLL|Win32.ActiveCfg = ReleaseDLL|Win32
		{484A2649-EDC4-4F79-9CC3-EE323182CA97}.ReleaseDLL|Win32.Build.0 = ReleaseDLL|Win32
		{484A2649-EDC4-4F79-9CC3-EE323182CA97}.ReleaseDLL|x64.ActiveCfg = ReleaseDLL|x64
		{484A2649-EDC4-4F79-9CC3-EE323182CA97}.ReleaseDLL|x64.Build.0 = ReleaseDLL|x64
		{036746B7-5E92-4650-8CC2-C7257EDA174A}.Debug|Win32.ActiveCfg = Debug|Win32
		{036746B7-5E92-4650-8CC2-C7257EDA174A}.Debug|Win32.Build.0 = Debug|Win32
		{036746B7-5E92-4650-8CC2-C7257EDA174A}.Debug|x64.ActiveCfg = Debug|x64
		{036746B7-5E92-4650-8CC2-C7257EDA174A}.Debug|x64.Build.0 = Debug|x64
		{036746B7-5E92-4650-8CC2-C7257EDA174A}.DebugDLL|Win32.ActiveCfg = DebugDLL|Win32
		{036746B7-5E92-4650-8CC2-C7257EDA174A}.DebugDLL|Win32.Build.0 = DebugDLL|Win32
		{036746B7-5E92-4650-8CC2-C7257EDA174A}.DebugDLL|x64.ActiveCfg = DebugDLL|x64
		{036746B7-5E92-4650-8CC2-C7257EDA174A}.DebugDLL|x64.Build.0 = DebugDLL|x64
		{036746B7-5E92-4650-8CC2-C7257EDA174A}.Release|Win32.ActiveCfg = Release|Win32
		{036746B7-5E92-4650-8CC2-C7257EDA174A}.Release|Win32.Build.0 = Release|Win32
		{036746B7-5E92-4650-8CC2-C7257EDA174A}.Release|x64.ActiveCfg = Release|x64
		{036746B7-5E92-4650-8CC2-C7257EDA174A}.Release|x64.Build.0 = Release|x64
		{036746B7-5E92-4650-8CC2-C7257EDA174A}.ReleaseDLL|Win32.ActiveCfg = ReleaseDLL|Win32
		{036746B7-5E92-4650-8CC2-C7257EDA174A}.ReleaseDLL|Win32.Build.0 = ReleaseDLL|Win32
		{036746B7-5E92-4650-8CC2-C7257EDA174A}.ReleaseDLL|x64.ActiveCfg = ReleaseDLL|x64
		{036746B7-5E92-4650-8CC2-C7257EDA174A}.ReleaseDLL|x64.Build.0 = ReleaseDLL|x64
		{172E2941-8544-4053-B7CB-B29C170F167B}.Debug|Win32.ActiveCfg = Debug|Win32
		{172E2941-8544-4053-B7CB-B29C170F167B}.Debug|Win32.Build.0 = Debug|Win32
		{172E2941-8544-4053-B7CB-B29C170F167B}.Debug|x64.ActiveCfg = Debug|x64
		{172E2941-8544-4053-B7CB-B29C170F167B}.Debug|x64.Build.0 = Debug|x64
		{172E2941-8544-4053-B7CB-B29C170F167B}.DebugDLL|Win32.ActiveCfg = DebugDLL|Win32
		{172E2941-8544-4053-B7CB-B29C170F167B}.DebugDLL|Win32.Build.0 = DebugDLL|Win32
		{172E2941-8544-4053-B7CB-B29C170F167B}.DebugDLL|x64.ActiveCfg = DebugDLL|x64
		{172E2941-8544-4053-B7CB-B29C170F167B}.DebugDLL|x64.Build.0 = DebugDLL|x64
		{172E2941-8544-4053-B7CB-B29C170F167B}.Release|Win32.ActiveCfg = Release|Win32
		{172E2941-8544-4053-B7CB-B29C170F167B}.Release|Win32.Build.0 = Release|Win32
		{172E2941-8544-4053-B7CB-B29C170F167B}.Release|x64.ActiveCfg = Release|x64
		{172E2941-8544-4053-B7CB-B29C170F167B}.Release|x64.Build.0 = Release|x64
		{172E2941-8544-4053-B7CB-B29C170F167B}.ReleaseDLL|Win32.ActiveCfg = ReleaseDLL|Win32
		{172E2941-8544-4053-B7CB-B29C170F167B}.ReleaseDLL|Win32.Build.0 = ReleaseDLL|Win32
		{172E2941-8544-4053-B7CB-B29C170F167B}.ReleaseDLL|x64.ActiveCfg = ReleaseDLL|x64
		{172E2941-8544-4053-B7CB-B29C170F167B}.ReleaseDLL|x64.Build.0 = ReleaseDLL|x64
		{A8CEAD56-20F1-4AD9-901E-C1D58DDF5D4E}.Debug|Win32.ActiveCfg = Debug|Win32
		{A8CEAD56-20F1-4AD9-901E-C1D58DDF5D4E}.Debug|Win32.Build.0 = Debug|Win32
		{A8CEAD56-20F1-4AD9-901E-C1D58DDF5D4E}.Debug|x64.ActiveCfg = Debug|x64
		{A8CEAD56-20F1-4AD9-901E-C1D58DDF5D4E}.Debug|x64.Build.0 = Debug|x64
		{A8CEAD56-20F1-4AD9-901E-C1D58DDF5D4E}.DebugDLL|Win32.ActiveCfg = DebugDLL|Win32
		{A8CEAD56-20F1-4AD9-901E-C1D58DDF5D4E}.DebugDLL|Win32.Build.0 = DebugDLL|Win32
		{A8CEAD56-20F1-4AD9-901E-C1D58DDF5D4E}.DebugDLL|x64.ActiveCfg = DebugDLL|x64
		{A8CEAD56-20F1-4AD9-901E-C1D58DDF5D4E}.DebugDLL|x64.Build.0 = DebugDLL|x64
		{A8CEAD56-20F1-4AD9-901E-C1D58DDF5D4E}.Release|Win32.ActiveCfg = Release|Win32
		{A8CEAD56-20F1-4AD9-901E-C1D58DDF5D4E}.Release|Win32.Build.0 = Release|Win32
		{A8CEAD56-20F1-4AD9-901E-C1D58DDF5D4E}.Release|x64.ActiveCfg = Release|x64
		{A8CEAD56-20F1-4AD9-901E-C1D58DDF5D4E}.Release|x64.Build.0 = Release|x64
		{A8CEAD56-20F1-4AD9-901E-C1D58DDF5D4E}.ReleaseDLL|Win32.ActiveCfg = ReleaseDLL|Win32
		{A8CEAD56-20F1-4AD9-901E-C1D58DDF5D4E}.ReleaseDLL|Win32.Build.0 = ReleaseDLL|Win32
		{A8CEAD56-20F1-4AD9-901E-C1D58DDF5D4E}.ReleaseDLL|x64.ActiveCfg = ReleaseDLL|x64
		{A8CEAD56-20F1-4AD9-901E-C1D58DDF5D4E}.ReleaseDLL|x64.Build.0 = ReleaseDLL|x64
		{4F877E8E-BC1C-442D-BB59-E5C1C33B2C6F}.Debug|Win32.ActiveCfg = Debug|Win32
		{4F877E8E-BC1C-442D-BB59-E5C1C33B2C6F}.Debug|Win32.Build.0 = Debug|Win32
		{4F877E8E-BC1C-442D-BB59-E5C1C33B2C6F}.Debug|x64.ActiveCfg = Debug|x64
		{4F877E8E-BC1C-442D-BB59-E5C1C33B2C6F}.Debug|x64.Build.0 = Debug|x64
		{4F877E8E-BC1C-442D-BB59-E5C1C33B2C6F}.DebugDLL|Win32.ActiveCfg = DebugDLL|Win32
		{4F877E8E-BC1C-442D-BB59-E5C1C33B2C6F}.DebugDLL|Win32.Build.0 = DebugDLL|Win32
		{4F877E8E-BC1C-442D-BB59-E5C1C33B2C6F}.DebugDLL|x64.ActiveCfg = DebugDLL|x64
		{4F877E8E-BC1C-442D-BB59-E5C1C33B2C6F}.DebugDLL|x64.Build.0 = DebugDLL|x64
		{4F877E8E-BC1C-442D-BB59-E5C1C33B2C6F}.Release|Win32.ActiveCfg = Release|Win32
		{4F877E8E-BC1C-442D-BB59-E5C1C33B2C6F}.Release|Win32.Build.0 = Release|Win32
		{4F877E8E-BC1C-442D-BB59-E5C1C33B2C6F}.Release|x64.ActiveCfg = Release|x64
		{4F877E8E-BC1C-442D-BB59-E5C1C33B2C6F}.Release|x64.Build.0 = Release|x64
		{4F877E8E-BC1C-442D-BB59-E5C1C33B2C6F}.ReleaseDLL|Win32.ActiveCfg = ReleaseDLL|Win32
		{4F877E8E-BC1C-442D-BB59-E5C1C33B2C6F}.ReleaseDLL|Win32.Build.0 = ReleaseDLL|Win32
		{4F877E8E-BC1C-442D-BB59-E5C1C33B2C6F}.ReleaseDLL|x64.ActiveCfg = ReleaseDLL|x64
		{4F877E8E-BC1C-442D-BB59-E5C1C33B2C6F}.ReleaseDLL|x64.Build.0 = ReleaseDLL|x64
	EndGlobalSection
	GlobalSection(SolutionProperties) = preSolution
		HideSolutionNode = FALSE
	EndGlobalSection
	GlobalSection(NestedProjects) = preSolution
		{FE437701-63F4-4B0A-B7D3-6B7A2F03C3D5} = {510C0B09-02F9-4382-9160-0E8BA3312486}
		{9F051EBC-8D94-44B1-B9F5-1F00645DC589} = {71D0EC03-1248-4375-9655-F06C2D200ABC}
		{8376ACF1-A823-4E1F-B64C-F6589EBDFC18} = {71D0EC03-1248-4375-9655-F06C2D200ABC}
		{BC6052AA-8E29-4580-AE34-C0BF2012DF05} = {71D0EC03-1248-4375-9655-F06C2D200ABC}
		{2EB72C9F-BBF8-4740-ADDF-E6291EA6F54F} = {71D0EC03-1248-4375-9655-F06C2D200ABC}
		{F7F1769C-8238-48E8-BFFD-487D6821FF1C} = {71D0EC03-1248-4375-9655-F06C2D200ABC}
		{6C7BA199-980B-4178-B0A8-1FBE3AAE64E3} = {71D0EC03-1248-4375-9655-F06C2D200ABC}
		{685D4438-4C48-4E8C-8ACE-A7D37E32DFC2} = {71D0EC03-1248-4375-9655-F06C2D200ABC}
		{3BB72ED5-18C2-4406-9854-A4B1387DE59A} = {71D0EC03-1248-4375-9655-F06C2D200ABC}
		{1E931C82-5B09-4B29-A6F6-CD4BD8A992A8} = {510C0B09-02F9-4382-9160-0E8BA3312486}
		{39626CF0-8867-4737-9559-9D5B005080E3} = {510C0B09-02F9-4382-9160-0E8BA3312486}
		{8C6ECD26-DC99-4126-93B2-5A7B94AB3FEC} = {510C0B09-02F9-4382-9160-0E8BA3312486}
		{22B4FF05-1B94-4DE7-9592-8E3B7184BDA0} = {510C0B09-02F9-4382-9160-0E8BA3312486}
		{FC88A9EA-A150-4375-9BA2-DCB14D4FE093} = {510C0B09-02F9-4382-9160-0E8BA3312486}
		{B0587834-8B11-4AD4-93AA-FB554F50FAF1} = {510C0B09-02F9-4382-9160-0E8BA3312486}
		{83D12E8E-E99F-4A26-A98B-2EB0296519DE} = {510C0B09-02F9-4382-9160-0E8BA3312486}
		{92CDD15A-E89F-4724-AB56-54C097F1D6A1} = {510C0B09-02F9-4382-9160-0E8BA3312486}
		{127DF18C-5A31-4315-BA4F-544B807A2533} = {510C0B09-02F9-4382-9160-0E8BA3312486}
		{414CF106-FD2B-4835-A914-D7CFFC668A36} = {510C0B09-02F9-4382-9160-0E8BA3312486}
		{C59F02A5-9E8E-4AB6-8CC2-A054E6E7007E} = {510C0B09-02F9-4382-9160-0E8BA3312486}
		{84D8CC8E-1CDB-448C-9FFB-48EB32A5AD47} = {510C0B09-02F9-4382-9160-0E8BA3312486}
		{D6A86A4A-6FD3-42CE-9B75-9F7320DBF4D2} = {510C0B09-02F9-4382-9160-0E8BA3312486}
		{484A2649-EDC4-4F79-9CC3-EE323182CA97} = {510C0B09-02F9-4382-9160-0E8BA3312486}
		{036746B7-5E92-4650-8CC2-C7257EDA174A} = {510C0B09-02F9-4382-9160-0E8BA3312486}
		{172E2941-8544-4053-B7CB-B29C170F167B} = {510C0B09-02F9-4382-9160-0E8BA3312486}
		{A8CEAD56-20F1-4AD9-901E-C1D58DDF5D4E} = {510C0B09-02F9-4382-9160-0E8BA3312486}
		{4F877E8E-BC1C-442D-BB59-E5C1C33B2C6F} = {510C0B09-02F9-4382-9160-0E8BA3312486}
	EndGlobalSection
EndGlobal
