<?xml version="1.0" encoding="utf-8"?>
<Project ToolsVersion="4.0" xmlns="http://schemas.microsoft.com/developer/msbuild/2003">
  <ItemGroup>
    <Filter Include="Source Files">
      <UniqueIdentifier>{4FC737F1-C7A5-4376-A066-2A32D752A2FF}</UniqueIdentifier>
      <Extensions>cpp;c;cc;cxx;def;odl;idl;hpj;bat;asm;asmx</Extensions>
    </Filter>
    <Filter Include="Resource Files">
      <UniqueIdentifier>{67DA6AB6-F800-4c08-8B7A-83BB121AAD01}</UniqueIdentifier>
      <Extensions>rc;ico;cur;bmp;dlg;rc2;rct;bin;rgs;gif;jpg;jpeg;jpe;resx;tiff;tif;png;wav;mfcribbon-ms</Extensions>
    </Filter>
    <Filter Include="Header Files">
      <UniqueIdentifier>{93995380-89BD-4b04-88EB-625FBE52EBFB}</UniqueIdentifier>
      <Extensions>h;hh;hpp;hxx;hm;inl;inc;xsd</Extensions>
    </Filter>
    <Filter Include="Header Files\mediaexplorer">
      <UniqueIdentifier>{f1e1b311-fab7-4b38-927b-01c3aadb917f}</UniqueIdentifier>
    </Filter>
    <Filter Include="Header Files\filesystem">
      <UniqueIdentifier>{651f5f85-87e0-4559-b6ac-afd26ff99203}</UniqueIdentifier>
    </Filter>
    <Filter Include="Header Files\factory">
      <UniqueIdentifier>{b7435a04-c84a-41b5-be53-bd708a9b32c6}</UniqueIdentifier>
    </Filter>
    <Filter Include="Header Files\discoverer">
      <UniqueIdentifier>{7903045c-6078-452e-92d4-9fa1b4c3059b}</UniqueIdentifier>
    </Filter>
    <Filter Include="Source Files\compat">
      <UniqueIdentifier>{41416de6-da74-4ae1-9fce-230af83159bf}</UniqueIdentifier>
    </Filter>
    <Filter Include="Source Files\database">
      <UniqueIdentifier>{e4922959-8744-4ef7-84a7-dbd66ccb67c9}</UniqueIdentifier>
    </Filter>
    <Filter Include="Source Files\discoverer">
      <UniqueIdentifier>{3af2b4f3-1e91-48b3-8ce2-a6a2a46c9b78}</UniqueIdentifier>
    </Filter>
    <Filter Include="Source Files\factory">
      <UniqueIdentifier>{4a725a4e-ba9c-4fd1-8c1a-ebb8a2574b53}</UniqueIdentifier>
    </Filter>
    <Filter Include="Source Files\filesystem">
      <UniqueIdentifier>{9f8ed77e-c0dc-4208-839e-1a211a4b5346}</UniqueIdentifier>
    </Filter>
    <Filter Include="Source Files\logging">
      <UniqueIdentifier>{2d7a959d-4ae5-4517-926d-204f54936583}</UniqueIdentifier>
    </Filter>
    <Filter Include="Source Files\metadata_services">
      <UniqueIdentifier>{d4690c85-41a0-4a4a-ba5d-2919cad36dea}</UniqueIdentifier>
    </Filter>
    <Filter Include="Source Files\parser">
      <UniqueIdentifier>{70be8565-de89-48a2-a582-b7a5cdaf7fd8}</UniqueIdentifier>
    </Filter>
    <Filter Include="Source Files\utils">
      <UniqueIdentifier>{182e677c-1609-4f41-9cee-67e5ccb06da9}</UniqueIdentifier>
    </Filter>
    <Filter Include="Source Files\filesystem\common">
      <UniqueIdentifier>{27e8e0ac-d7e9-496b-86a9-a6c575fb9ada}</UniqueIdentifier>
    </Filter>
    <Filter Include="Source Files\filesystem\darwin">
      <UniqueIdentifier>{83ee9312-4b7f-403b-a8d1-6760f787d1ed}</UniqueIdentifier>
    </Filter>
    <Filter Include="Source Files\filesystem\unix">
      <UniqueIdentifier>{ed0297e1-dfdc-4c8f-942a-9be7e86305ea}</UniqueIdentifier>
    </Filter>
    <Filter Include="Source Files\filesystem\win32">
      <UniqueIdentifier>{7851adee-f1e4-4472-be23-3651f47070d2}</UniqueIdentifier>
    </Filter>
    <Filter Include="Source Files\av">
      <UniqueIdentifier>{717e20c4-b68c-4e57-a4e9-ecb56faad164}</UniqueIdentifier>
    </Filter>
    <Filter Include="Source Files\image">
      <UniqueIdentifier>{24c33286-10a0-49ba-884e-f77119bf9b14}</UniqueIdentifier>
    </Filter>
  </ItemGroup>
  <ItemGroup>
    <ClInclude Include="..\..\..\include\lib\Types.h">
      <Filter>Header Files</Filter>
    </ClInclude>
    <ClInclude Include="..\..\..\include\lib\mediaexplorer\IMediaExplorer.h">
      <Filter>Header Files\mediaexplorer</Filter>
    </ClInclude>
    <ClInclude Include="..\..\..\include\lib\mediaexplorer\IMediaExplorerCb.h">
      <Filter>Header Files\mediaexplorer</Filter>
    </ClInclude>
    <ClInclude Include="..\..\..\include\lib\mediaexplorer\IPlaylist.h">
      <Filter>Header Files\mediaexplorer</Filter>
    </ClInclude>
    <ClInclude Include="..\..\..\include\lib\mediaexplorer\ISettings.h">
      <Filter>Header Files\mediaexplorer</Filter>
    </ClInclude>
    <ClInclude Include="..\..\..\include\lib\mediaexplorer\IVideoTrack.h">
      <Filter>Header Files\mediaexplorer</Filter>
    </ClInclude>
    <ClInclude Include="..\..\..\include\lib\mediaexplorer\LogLevel.h">
      <Filter>Header Files\mediaexplorer</Filter>
    </ClInclude>
    <ClInclude Include="..\..\..\include\lib\mediaexplorer\MediaSearchAggregate.h">
      <Filter>Header Files\mediaexplorer</Filter>
    </ClInclude>
    <ClInclude Include="..\..\..\include\lib\mediaexplorer\SearchAggregate.h">
      <Filter>Header Files\mediaexplorer</Filter>
    </ClInclude>
    <ClInclude Include="..\..\..\include\lib\mediaexplorer\SortingCriteria.h">
      <Filter>Header Files\mediaexplorer</Filter>
    </ClInclude>
    <ClInclude Include="..\..\..\include\lib\mediaexplorer\IAudioTrack.h">
      <Filter>Header Files\mediaexplorer</Filter>
    </ClInclude>
    <ClInclude Include="..\..\..\include\lib\mediaexplorer\IDeviceLister.h">
      <Filter>Header Files\mediaexplorer</Filter>
    </ClInclude>
    <ClInclude Include="..\..\..\include\lib\mediaexplorer\IDeviceListerCb.h">
      <Filter>Header Files\mediaexplorer</Filter>
    </ClInclude>
    <ClInclude Include="..\..\..\include\lib\mediaexplorer\ILabel.h">
      <Filter>Header Files\mediaexplorer</Filter>
    </ClInclude>
    <ClInclude Include="..\..\..\include\lib\mediaexplorer\ILogger.h">
      <Filter>Header Files\mediaexplorer</Filter>
    </ClInclude>
    <ClInclude Include="..\..\..\include\lib\mediaexplorer\IMedia.h">
      <Filter>Header Files\mediaexplorer</Filter>
    </ClInclude>
    <ClInclude Include="..\..\..\include\lib\filesystem\IDirectory.h">
      <Filter>Header Files\filesystem</Filter>
    </ClInclude>
    <ClInclude Include="..\..\..\include\lib\filesystem\IFile.h">
      <Filter>Header Files\filesystem</Filter>
    </ClInclude>
    <ClInclude Include="..\..\..\include\lib\filesystem\IDevice.h">
      <Filter>Header Files\filesystem</Filter>
    </ClInclude>
    <ClInclude Include="..\..\..\include\lib\factory\IFileSystem.h">
      <Filter>Header Files\factory</Filter>
    </ClInclude>
    <ClInclude Include="..\..\..\include\lib\discoverer\IDiscoverer.h">
      <Filter>Header Files\discoverer</Filter>
    </ClInclude>
    <ClInclude Include="..\..\..\src\lib\Label.h">
      <Filter>Source Files</Filter>
    </ClInclude>
    <ClInclude Include="..\..\..\src\lib\Media.h">
      <Filter>Source Files</Filter>
    </ClInclude>
    <ClInclude Include="..\..\..\src\lib\MediaExplorer.h">
      <Filter>Source Files</Filter>
    </ClInclude>
    <ClInclude Include="..\..\..\src\lib\Playlist.h">
      <Filter>Source Files</Filter>
    </ClInclude>
    <ClInclude Include="..\..\..\src\lib\Settings.h">
      <Filter>Source Files</Filter>
    </ClInclude>
    <ClInclude Include="..\..\..\src\lib\VideoTrack.h">
      <Filter>Source Files</Filter>
    </ClInclude>
    <ClInclude Include="..\..\..\src\lib\AudioTrack.h">
      <Filter>Source Files</Filter>
    </ClInclude>
    <ClInclude Include="..\..\..\src\lib\utils\ReadLocker.h">
      <Filter>Source Files\utils</Filter>
    </ClInclude>
    <ClInclude Include="..\..\..\src\lib\utils\SWMRLock.h">
      <Filter>Source Files\utils</Filter>
    </ClInclude>
    <ClInclude Include="..\..\..\src\lib\utils\WriteLocker.h">
      <Filter>Source Files\utils</Filter>
    </ClInclude>
    <ClInclude Include="..\..\..\src\lib\utils\Cache.h">
      <Filter>Source Files\utils</Filter>
    </ClInclude>
    <ClInclude Include="..\..\..\src\lib\utils\Charsets.h">
      <Filter>Source Files\utils</Filter>
    </ClInclude>
    <ClInclude Include="..\..\..\src\lib\utils\Filename.h">
      <Filter>Source Files\utils</Filter>
    </ClInclude>
    <ClInclude Include="..\..\..\src\lib\utils\ModificationsNotifier.h">
      <Filter>Source Files\utils</Filter>
    </ClInclude>
    <ClInclude Include="..\..\..\src\lib\parser\ParserService.h">
      <Filter>Source Files\parser</Filter>
    </ClInclude>
    <ClInclude Include="..\..\..\src\lib\parser\Task.h">
      <Filter>Source Files\parser</Filter>
    </ClInclude>
    <ClInclude Include="..\..\..\src\lib\parser\Parser.h">
      <Filter>Source Files\parser</Filter>
    </ClInclude>
    <ClInclude Include="..\..\..\src\lib\logging\Logger.h">
      <Filter>Source Files\logging</Filter>
    </ClInclude>
    <ClInclude Include="..\..\..\src\lib\compat\ConditionVariable.h">
      <Filter>Source Files\compat</Filter>
    </ClInclude>
    <ClInclude Include="..\..\..\src\lib\compat\Mutex.h">
      <Filter>Source Files\compat</Filter>
    </ClInclude>
    <ClInclude Include="..\..\..\src\lib\compat\Thread.h">
      <Filter>Source Files\compat</Filter>
    </ClInclude>
    <ClInclude Include="..\..\..\src\lib\database\SqliteErrors.h">
      <Filter>Source Files\database</Filter>
    </ClInclude>
    <ClInclude Include="..\..\..\src\lib\database\SqliteTools.h">
      <Filter>Source Files\database</Filter>
    </ClInclude>
    <ClInclude Include="..\..\..\src\lib\database\SqliteTraits.h">
      <Filter>Source Files\database</Filter>
    </ClInclude>
    <ClInclude Include="..\..\..\src\lib\database\SqliteTransaction.h">
      <Filter>Source Files\database</Filter>
    </ClInclude>
    <ClInclude Include="..\..\..\src\lib\database\Statement.h">
      <Filter>Source Files\database</Filter>
    </ClInclude>
    <ClInclude Include="..\..\..\src\lib\database\DatabaseHelpers.h">
      <Filter>Source Files\database</Filter>
    </ClInclude>
    <ClInclude Include="..\..\..\src\lib\database\Row.h">
      <Filter>Source Files\database</Filter>
    </ClInclude>
    <ClInclude Include="..\..\..\src\lib\database\SqliteConnection.h">
      <Filter>Source Files\database</Filter>
    </ClInclude>
    <ClInclude Include="..\..\..\src\lib\discoverer\FsDiscoverer.h">
      <Filter>Source Files\discoverer</Filter>
    </ClInclude>
    <ClInclude Include="..\..\..\src\lib\discoverer\DiscovererWorker.h">
      <Filter>Source Files\discoverer</Filter>
    </ClInclude>
    <ClInclude Include="..\..\..\src\lib\factory\DeviceListerFactory.h">
      <Filter>Source Files\factory</Filter>
    </ClInclude>
    <ClInclude Include="..\..\..\src\lib\factory\FileSystemFactory.h">
      <Filter>Source Files\factory</Filter>
    </ClInclude>
    <ClInclude Include="..\..\..\src\lib\filesystem\win32\Directory.h">
      <Filter>Source Files\filesystem\win32</Filter>
    </ClInclude>
    <ClInclude Include="..\..\..\src\lib\filesystem\win32\Device.h">
      <Filter>Source Files\filesystem\win32</Filter>
    </ClInclude>
    <ClInclude Include="..\..\..\src\lib\filesystem\win32\DeviceLister.h">
      <Filter>Source Files\filesystem\win32</Filter>
    </ClInclude>
    <ClInclude Include="..\..\..\src\lib\filesystem\unix\DeviceLister.h">
      <Filter>Source Files\filesystem\unix</Filter>
    </ClInclude>
    <ClInclude Include="..\..\..\src\lib\filesystem\unix\Directory.h">
      <Filter>Source Files\filesystem\unix</Filter>
    </ClInclude>
    <ClInclude Include="..\..\..\src\lib\filesystem\unix\Device.h">
      <Filter>Source Files\filesystem\unix</Filter>
    </ClInclude>
    <ClInclude Include="..\..\..\src\lib\filesystem\common\CommonFile.h">
      <Filter>Source Files\filesystem\common</Filter>
    </ClInclude>
    <ClInclude Include="..\..\..\src\lib\filesystem\common\CommonDevice.h">
      <Filter>Source Files\filesystem\common</Filter>
    </ClInclude>
    <ClInclude Include="..\..\..\src\lib\filesystem\common\CommonDirectory.h">
      <Filter>Source Files\filesystem\common</Filter>
    </ClInclude>
    <ClInclude Include="config.h">
      <Filter>Header Files</Filter>
    </ClInclude>
    <ClInclude Include="..\..\..\src\lib\MediaFile.h">
      <Filter>Source Files</Filter>
    </ClInclude>
    <ClInclude Include="..\..\..\src\lib\MediaFolder.h">
      <Filter>Source Files</Filter>
    </ClInclude>
    <ClInclude Include="..\..\..\src\lib\MediaDevice.h">
      <Filter>Source Files</Filter>
    </ClInclude>
    <ClInclude Include="..\..\..\include\lib\mediaexplorer\IMediaFile.h">
      <Filter>Header Files\mediaexplorer</Filter>
    </ClInclude>
    <ClInclude Include="..\..\..\src\lib\filesystem\common\File.h">
      <Filter>Source Files\filesystem\common</Filter>
    </ClInclude>
    <ClInclude Include="..\..\..\include\lib\mediaexplorer\IHistoryEntry.h">
      <Filter>Header Files\mediaexplorer</Filter>
    </ClInclude>
    <ClInclude Include="..\..\..\include\lib\mediaexplorer\IGenre.h">
      <Filter>Header Files\mediaexplorer</Filter>
    </ClInclude>
    <ClInclude Include="..\..\..\src\lib\Genre.h">
      <Filter>Source Files</Filter>
    </ClInclude>
    <ClInclude Include="..\..\..\src\lib\History.h">
      <Filter>Source Files</Filter>
    </ClInclude>
    <ClInclude Include="..\..\..\src\lib\parser\ParserMedia.h">
      <Filter>Source Files\parser</Filter>
    </ClInclude>
    <ClInclude Include="..\..\..\src\lib\metadata_services\FormatService.h">
      <Filter>Source Files\metadata_services</Filter>
    </ClInclude>
    <ClInclude Include="..\..\..\src\lib\metadata_services\MetadataService.h">
      <Filter>Source Files\metadata_services</Filter>
    </ClInclude>
    <ClInclude Include="..\..\..\src\lib\logging\ConsoleLogger.h">
      <Filter>Source Files\logging</Filter>
    </ClInclude>
    <ClInclude Include="..\..\..\src\lib\av\AvContainer.h">
      <Filter>Source Files\av</Filter>
    </ClInclude>
    <ClInclude Include="..\..\..\src\lib\av\AvCodec.h">
      <Filter>Source Files\av</Filter>
    </ClInclude>
    <ClInclude Include="..\..\..\src\lib\Metadata.h">
      <Filter>Source Files</Filter>
    </ClInclude>
    <ClInclude Include="..\..\..\src\lib\Stream.h">
      <Filter>Source Files</Filter>
    </ClInclude>
    <ClInclude Include="..\..\..\include\lib\mediaexplorer\IStream.h">
      <Filter>Header Files\mediaexplorer</Filter>
    </ClInclude>
    <ClInclude Include="..\..\..\include\lib\mediaexplorer\IMetadata.h">
      <Filter>Header Files\mediaexplorer</Filter>
    </ClInclude>
    <ClInclude Include="..\..\..\include\lib\mediaexplorer\ICodec.h">
      <Filter>Header Files\mediaexplorer</Filter>
    </ClInclude>
    <ClInclude Include="..\..\..\include\lib\mediaexplorer\IContainer.h">
      <Filter>Header Files\mediaexplorer</Filter>
    </ClInclude>
    <ClInclude Include="..\..\..\src\lib\Codec.h">
      <Filter>Source Files</Filter>
    </ClInclude>
    <ClInclude Include="..\..\..\src\lib\Container.h">
      <Filter>Source Files</Filter>
    </ClInclude>
    <ClInclude Include="..\..\..\include\lib\mediaexplorer\MediaType.h">
      <Filter>Header Files\mediaexplorer</Filter>
    </ClInclude>
    <ClInclude Include="..\..\..\include\lib\mediaexplorer\IAlbumTrack.h">
      <Filter>Header Files\mediaexplorer</Filter>
    </ClInclude>
    <ClInclude Include="..\..\..\include\lib\mediaexplorer\IArtist.h">
      <Filter>Header Files\mediaexplorer</Filter>
    </ClInclude>
    <ClInclude Include="..\..\..\include\lib\mediaexplorer\IMovie.h">
      <Filter>Header Files\mediaexplorer</Filter>
    </ClInclude>
    <ClInclude Include="..\..\..\include\lib\mediaexplorer\IShow.h">
      <Filter>Header Files\mediaexplorer</Filter>
    </ClInclude>
    <ClInclude Include="..\..\..\include\lib\mediaexplorer\IShowEpisode.h">
      <Filter>Header Files\mediaexplorer</Filter>
    </ClInclude>
    <ClInclude Include="..\..\..\include\lib\mediaexplorer\IAlbum.h">
      <Filter>Header Files\mediaexplorer</Filter>
    </ClInclude>
    <ClInclude Include="..\..\..\src\lib\AlbumTrack.h">
      <Filter>Source Files</Filter>
    </ClInclude>
    <ClInclude Include="..\..\..\src\lib\Artist.h">
      <Filter>Source Files</Filter>
    </ClInclude>
    <ClInclude Include="..\..\..\src\lib\Movie.h">
      <Filter>Source Files</Filter>
    </ClInclude>
    <ClInclude Include="..\..\..\src\lib\Show.h">
      <Filter>Source Files</Filter>
    </ClInclude>
    <ClInclude Include="..\..\..\src\lib\ShowEpisode.h">
      <Filter>Source Files</Filter>
    </ClInclude>
    <ClInclude Include="..\..\..\src\lib\Album.h">
      <Filter>Source Files</Filter>
    </ClInclude>
    <ClInclude Include="..\..\..\src\lib\logging\FileLogger.h">
      <Filter>Source Files\logging</Filter>
    </ClInclude>
    <ClInclude Include="..\..\..\include\lib\mediaexplorer\Common.h">
      <Filter>Header Files\mediaexplorer</Filter>
    </ClInclude>
    <ClInclude Include="..\..\..\include\lib\mediaexplorer\Precomp.h">
      <Filter>Header Files\mediaexplorer</Filter>
    </ClInclude>
    <ClInclude Include="stdafx.h">
      <Filter>Header Files</Filter>
    </ClInclude>
    <ClInclude Include="..\..\..\src\lib\metadata_services\ThumbnailService.h">
      <Filter>Source Files\metadata_services</Filter>
    </ClInclude>
    <ClInclude Include="..\..\..\src\lib\image\IImageContainer.h">
      <Filter>Source Files\image</Filter>
    </ClInclude>
    <ClInclude Include="..\..\..\src\lib\image\Image.h">
      <Filter>Source Files\image</Filter>
    </ClInclude>
    <ClInclude Include="..\..\..\src\lib\av\StreamType.h">
      <Filter>Source Files\av</Filter>
    </ClInclude>
    <ClInclude Include="..\..\..\src\lib\av\MediaContext.h">
      <Filter>Source Files\av</Filter>
    </ClInclude>
    <ClInclude Include="..\..\..\src\lib\av\MediaController.h">
      <Filter>Source Files\av</Filter>
    </ClInclude>
    <ClInclude Include="..\..\..\src\lib\image\JpegImageContainer.h">
      <Filter>Source Files\image</Filter>
    </ClInclude>
    <ClInclude Include="..\..\..\src\lib\av\FrameBuffer.h">
      <Filter>Source Files\av</Filter>
    </ClInclude>
    <ClInclude Include="..\..\..\src\lib\av\Histogram.h">
      <Filter>Source Files\av</Filter>
    </ClInclude>
    <ClInclude Include="..\..\..\include\lib\mediaexplorer\SettingsKey.h">
      <Filter>Header Files\mediaexplorer</Filter>
    </ClInclude>
    <ClInclude Include="..\..\..\src\lib\utils\Guid.h">
      <Filter>Source Files\utils</Filter>
    </ClInclude>
    <ClInclude Include="..\..\..\src\lib\utils\CrashHandler.h">
      <Filter>Source Files\utils</Filter>
    </ClInclude>
    <ClInclude Include="..\..\..\src\lib\av\MediaPlayer.h">
      <Filter>Source Files\av</Filter>
    </ClInclude>
    <ClInclude Include="..\..\..\src\lib\LibraryFolder.h">
      <Filter>Source Files</Filter>
    </ClInclude>
    <ClInclude Include="..\..\..\src\lib\logging\LogAvCodec.h">
      <Filter>Source Files\logging</Filter>
    </ClInclude>
  </ItemGroup>
  <ItemGroup>
    <ClCompile Include="..\..\..\src\lib\Label.cpp">
      <Filter>Source Files</Filter>
    </ClCompile>
    <ClCompile Include="..\..\..\src\lib\Media.cpp">
      <Filter>Source Files</Filter>
    </ClCompile>
    <ClCompile Include="..\..\..\src\lib\MediaExplorer.cpp">
      <Filter>Source Files</Filter>
    </ClCompile>
    <ClCompile Include="..\..\..\src\lib\Playlist.cpp">
      <Filter>Source Files</Filter>
    </ClCompile>
    <ClCompile Include="..\..\..\src\lib\Settings.cpp">
      <Filter>Source Files</Filter>
    </ClCompile>
    <ClCompile Include="..\..\..\src\lib\VideoTrack.cpp">
      <Filter>Source Files</Filter>
    </ClCompile>
    <ClCompile Include="..\..\..\src\lib\AudioTrack.cpp">
      <Filter>Source Files</Filter>
    </ClCompile>
    <ClCompile Include="..\..\..\src\lib\utils\Filename.cpp">
      <Filter>Source Files\utils</Filter>
    </ClCompile>
    <ClCompile Include="..\..\..\src\lib\utils\ModificationsNotifier.cpp">
      <Filter>Source Files\utils</Filter>
    </ClCompile>
    <ClCompile Include="..\..\..\src\lib\parser\ParserService.cpp">
      <Filter>Source Files\parser</Filter>
    </ClCompile>
    <ClCompile Include="..\..\..\src\lib\parser\Parser.cpp">
      <Filter>Source Files\parser</Filter>
    </ClCompile>
    <ClCompile Include="..\..\..\src\lib\logging\Logger.cpp">
      <Filter>Source Files\logging</Filter>
    </ClCompile>
    <ClCompile Include="..\..\..\src\lib\database\SqliteTools.cpp">
      <Filter>Source Files\database</Filter>
    </ClCompile>
    <ClCompile Include="..\..\..\src\lib\database\SqliteTransaction.cpp">
      <Filter>Source Files\database</Filter>
    </ClCompile>
    <ClCompile Include="..\..\..\src\lib\database\SqliteConnection.cpp">
      <Filter>Source Files\database</Filter>
    </ClCompile>
    <ClCompile Include="..\..\..\src\lib\discoverer\FsDiscoverer.cpp">
      <Filter>Source Files\discoverer</Filter>
    </ClCompile>
    <ClCompile Include="..\..\..\src\lib\discoverer\DiscovererWorker.cpp">
      <Filter>Source Files\discoverer</Filter>
    </ClCompile>
    <ClCompile Include="..\..\..\src\lib\factory\FileSystemFactory.cpp">
      <Filter>Source Files\factory</Filter>
    </ClCompile>
    <ClCompile Include="..\..\..\src\lib\factory\DeviceListerFactory.cpp">
      <Filter>Source Files\factory</Filter>
    </ClCompile>
    <ClCompile Include="..\..\..\src\lib\filesystem\win32\Directory.cpp">
      <Filter>Source Files\filesystem\win32</Filter>
    </ClCompile>
    <ClCompile Include="..\..\..\src\lib\filesystem\win32\Device.cpp">
      <Filter>Source Files\filesystem\win32</Filter>
    </ClCompile>
    <ClCompile Include="..\..\..\src\lib\filesystem\win32\DeviceLister.cpp">
      <Filter>Source Files\filesystem\win32</Filter>
    </ClCompile>
    <ClCompile Include="..\..\..\src\lib\filesystem\unix\DeviceLister.cpp">
      <Filter>Source Files\filesystem\unix</Filter>
    </ClCompile>
    <ClCompile Include="..\..\..\src\lib\filesystem\unix\Directory.cpp">
      <Filter>Source Files\filesystem\unix</Filter>
    </ClCompile>
    <ClCompile Include="..\..\..\src\lib\filesystem\unix\Device.cpp">
      <Filter>Source Files\filesystem\unix</Filter>
    </ClCompile>
    <ClCompile Include="..\..\..\src\lib\filesystem\common\CommonFile.cpp">
      <Filter>Source Files\filesystem\common</Filter>
    </ClCompile>
    <ClCompile Include="..\..\..\src\lib\filesystem\common\CommonDevice.cpp">
      <Filter>Source Files\filesystem\common</Filter>
    </ClCompile>
    <ClCompile Include="..\..\..\src\lib\filesystem\common\CommonDirectory.cpp">
      <Filter>Source Files\filesystem\common</Filter>
    </ClCompile>
    <ClCompile Include="..\..\..\src\lib\MediaFile.cpp">
      <Filter>Source Files</Filter>
    </ClCompile>
    <ClCompile Include="..\..\..\src\lib\MediaFolder.cpp">
      <Filter>Source Files</Filter>
    </ClCompile>
    <ClCompile Include="..\..\..\src\lib\MediaDevice.cpp">
      <Filter>Source Files</Filter>
    </ClCompile>
    <ClCompile Include="..\..\..\src\lib\filesystem\common\File.cpp">
      <Filter>Source Files\filesystem\common</Filter>
    </ClCompile>
    <ClCompile Include="..\..\..\src\lib\History.cpp">
      <Filter>Source Files</Filter>
    </ClCompile>
    <ClCompile Include="..\..\..\src\lib\Genre.cpp">
      <Filter>Source Files</Filter>
    </ClCompile>
    <ClCompile Include="..\..\..\src\lib\parser\ParserMedia.cpp">
      <Filter>Source Files\parser</Filter>
    </ClCompile>
    <ClCompile Include="..\..\..\src\lib\metadata_services\FormatService.cpp">
      <Filter>Source Files\metadata_services</Filter>
    </ClCompile>
    <ClCompile Include="..\..\..\src\lib\metadata_services\MetadataService.cpp">
      <Filter>Source Files\metadata_services</Filter>
    </ClCompile>
    <ClCompile Include="..\..\..\src\lib\Metadata.cpp">
      <Filter>Source Files</Filter>
    </ClCompile>
    <ClCompile Include="..\..\..\src\lib\Stream.cpp">
      <Filter>Source Files</Filter>
    </ClCompile>
    <ClCompile Include="..\..\..\src\lib\Codec.cpp">
      <Filter>Source Files</Filter>
    </ClCompile>
    <ClCompile Include="..\..\..\src\lib\Container.cpp">
      <Filter>Source Files</Filter>
    </ClCompile>
    <ClCompile Include="..\..\..\src\lib\Album.cpp">
      <Filter>Source Files</Filter>
    </ClCompile>
    <ClCompile Include="..\..\..\src\lib\AlbumTrack.cpp">
      <Filter>Source Files</Filter>
    </ClCompile>
    <ClCompile Include="..\..\..\src\lib\Artist.cpp">
      <Filter>Source Files</Filter>
    </ClCompile>
    <ClCompile Include="..\..\..\src\lib\Movie.cpp">
      <Filter>Source Files</Filter>
    </ClCompile>
    <ClCompile Include="..\..\..\src\lib\Show.cpp">
      <Filter>Source Files</Filter>
    </ClCompile>
    <ClCompile Include="..\..\..\src\lib\ShowEpisode.cpp">
      <Filter>Source Files</Filter>
    </ClCompile>
    <ClCompile Include="stdafx.cpp">
      <Filter>Source Files</Filter>
    </ClCompile>
    <ClCompile Include="..\..\..\src\lib\metadata_services\ThumbnailService.cpp">
      <Filter>Source Files\metadata_services</Filter>
    </ClCompile>
    <ClCompile Include="..\..\..\src\lib\image\Image.cpp">
      <Filter>Source Files\image</Filter>
    </ClCompile>
    <ClCompile Include="..\..\..\src\lib\av\MediaContext.cpp">
      <Filter>Source Files\av</Filter>
    </ClCompile>
    <ClCompile Include="..\..\..\src\lib\av\MediaController.cpp">
      <Filter>Source Files\av</Filter>
    </ClCompile>
    <ClCompile Include="..\..\..\src\lib\image\JpegImageContainer.cpp">
      <Filter>Source Files\image</Filter>
    </ClCompile>
    <ClCompile Include="..\..\..\src\lib\av\FrameBuffer.cpp">
      <Filter>Source Files\av</Filter>
    </ClCompile>
    <ClCompile Include="..\..\..\src\lib\utils\Guid.cpp">
      <Filter>Source Files\utils</Filter>
    </ClCompile>
    <ClCompile Include="..\..\..\src\lib\utils\CrashHandler.cpp">
      <Filter>Source Files\utils</Filter>
    </ClCompile>
    <ClCompile Include="..\..\..\src\lib\LibraryFolder.cpp">
      <Filter>Source Files</Filter>
    </ClCompile>
    <ClCompile Include="..\..\..\src\lib\av\MediaPlayer.cpp">
      <Filter>Source Files\av</Filter>
    </ClCompile>
    <ClCompile Include="..\..\..\src\lib\logging\LogAvCodec.cpp">
      <Filter>Source Files\logging</Filter>
    </ClCompile>
  </ItemGroup>
  <ItemGroup>
    <None Include="..\..\..\src\lib\filesystem\darwin\DeviceLister.mm">
      <Filter>Source Files\filesystem\darwin</Filter>
    </None>
  </ItemGroup>
</Project>